// !$*UTF8*$!
{
	archiveVersion = 1;
	classes = {
	};
	objectVersion = 46;
	objects = {

/* Begin PBXBuildFile section */
		37A4578B1A8711C5004C4634 /* Module3.m in Sources */ = {isa = PBXBuildFile; fileRef = 37A4578A1A8711C5004C4634 /* Module3.m */; };
		37A4579A1A871206004C4634 /* Module3-10.png in Resources */ = {isa = PBXBuildFile; fileRef = 37A4578F1A871206004C4634 /* Module3-10.png */; };
		37A4579B1A871206004C4634 /* Module3-9.png in Resources */ = {isa = PBXBuildFile; fileRef = 37A457901A871206004C4634 /* Module3-9.png */; };
		37A4579C1A871206004C4634 /* Module3-8.png in Resources */ = {isa = PBXBuildFile; fileRef = 37A457911A871206004C4634 /* Module3-8.png */; };
		37A4579D1A871206004C4634 /* Module3-7.png in Resources */ = {isa = PBXBuildFile; fileRef = 37A457921A871206004C4634 /* Module3-7.png */; };
		37A4579E1A871206004C4634 /* Module3-6.png in Resources */ = {isa = PBXBuildFile; fileRef = 37A457931A871206004C4634 /* Module3-6.png */; };
		37A4579F1A871206004C4634 /* Module3-5.png in Resources */ = {isa = PBXBuildFile; fileRef = 37A457941A871206004C4634 /* Module3-5.png */; };
		37A457A01A871206004C4634 /* Module3-4.png in Resources */ = {isa = PBXBuildFile; fileRef = 37A457951A871206004C4634 /* Module3-4.png */; };
		37A457A11A871206004C4634 /* Module3-3.png in Resources */ = {isa = PBXBuildFile; fileRef = 37A457961A871206004C4634 /* Module3-3.png */; };
		37A457A21A871206004C4634 /* Module3-2.png in Resources */ = {isa = PBXBuildFile; fileRef = 37A457971A871206004C4634 /* Module3-2.png */; };
		37A457A31A871206004C4634 /* Module3-1.png in Resources */ = {isa = PBXBuildFile; fileRef = 37A457981A871206004C4634 /* Module3-1.png */; };
		37A457A71A87128D004C4634 /* Module3.png in Resources */ = {isa = PBXBuildFile; fileRef = 37A457A61A87128D004C4634 /* Module3.png */; };
		37A457A91A871442004C4634 /* Module3-11.png in Resources */ = {isa = PBXBuildFile; fileRef = 37A457A81A871442004C4634 /* Module3-11.png */; };
		37A457AC1A87149D004C4634 /* Module3Quiz.m in Sources */ = {isa = PBXBuildFile; fileRef = 37A457AB1A87149D004C4634 /* Module3Quiz.m */; };
		37A457B61A8714E0004C4634 /* Module3Completed.png in Resources */ = {isa = PBXBuildFile; fileRef = 37A457AD1A8714E0004C4634 /* Module3Completed.png */; };
		37A457B71A8714E0004C4634 /* Module3Q3I.png in Resources */ = {isa = PBXBuildFile; fileRef = 37A457AE1A8714E0004C4634 /* Module3Q3I.png */; };
		37A457B81A8714E0004C4634 /* Module3Q3C.png in Resources */ = {isa = PBXBuildFile; fileRef = 37A457AF1A8714E0004C4634 /* Module3Q3C.png */; };
		37A457B91A8714E0004C4634 /* Module3Q3.png in Resources */ = {isa = PBXBuildFile; fileRef = 37A457B01A8714E0004C4634 /* Module3Q3.png */; };
		37A457BA1A8714E0004C4634 /* Module3Q2I.png in Resources */ = {isa = PBXBuildFile; fileRef = 37A457B11A8714E0004C4634 /* Module3Q2I.png */; };
		37A457BB1A8714E0004C4634 /* Module3Q2.png in Resources */ = {isa = PBXBuildFile; fileRef = 37A457B21A8714E0004C4634 /* Module3Q2.png */; };
		37A457BC1A8714E0004C4634 /* Module3Q1I.png in Resources */ = {isa = PBXBuildFile; fileRef = 37A457B31A8714E0004C4634 /* Module3Q1I.png */; };
		37A457BD1A8714E0004C4634 /* Module3Q1C.png in Resources */ = {isa = PBXBuildFile; fileRef = 37A457B41A8714E0004C4634 /* Module3Q1C.png */; };
		37A457C01A871501004C4634 /* Module3Q2C.png in Resources */ = {isa = PBXBuildFile; fileRef = 37A457BF1A871501004C4634 /* Module3Q2C.png */; };
		37A457C21A8715D0004C4634 /* Module3Q1.png in Resources */ = {isa = PBXBuildFile; fileRef = 37A457C11A8715D0004C4634 /* Module3Q1.png */; };
		37F0A09E1A85CBC000833582 /* Module1-6 copy.png in Resources */ = {isa = PBXBuildFile; fileRef = 37F0A0931A85CBC000833582 /* Module1-6 copy.png */; };
		37F0A09F1A85CBC000833582 /* Module1-7 copy.png in Resources */ = {isa = PBXBuildFile; fileRef = 37F0A0941A85CBC000833582 /* Module1-7 copy.png */; };
		37F0A0A01A85CBC000833582 /* Module1-8 copy.png in Resources */ = {isa = PBXBuildFile; fileRef = 37F0A0951A85CBC000833582 /* Module1-8 copy.png */; };
		37F0A0A11A85CBC000833582 /* Module1-9 copy.png in Resources */ = {isa = PBXBuildFile; fileRef = 37F0A0961A85CBC000833582 /* Module1-9 copy.png */; };
		37F0A0A21A85CBC000833582 /* Module1-1 copy.png in Resources */ = {isa = PBXBuildFile; fileRef = 37F0A0971A85CBC000833582 /* Module1-1 copy.png */; };
		37F0A0A31A85CBC000833582 /* Module1-2 copy.png in Resources */ = {isa = PBXBuildFile; fileRef = 37F0A0981A85CBC000833582 /* Module1-2 copy.png */; };
		37F0A0A41A85CBC000833582 /* Module1-3 copy.png in Resources */ = {isa = PBXBuildFile; fileRef = 37F0A0991A85CBC000833582 /* Module1-3 copy.png */; };
		37F0A0A51A85CBC000833582 /* Module1-4 copy.png in Resources */ = {isa = PBXBuildFile; fileRef = 37F0A09A1A85CBC000833582 /* Module1-4 copy.png */; };
		37F0A0A61A85CBC000833582 /* Module1-5 copy.png in Resources */ = {isa = PBXBuildFile; fileRef = 37F0A09B1A85CBC000833582 /* Module1-5 copy.png */; };
		37F0A0A71A85CBC000833582 /* Module1-10 copy.png in Resources */ = {isa = PBXBuildFile; fileRef = 37F0A09C1A85CBC000833582 /* Module1-10 copy.png */; };
		37F0A0A81A85CBC000833582 /* Module1-11 copy.png in Resources */ = {isa = PBXBuildFile; fileRef = 37F0A09D1A85CBC000833582 /* Module1-11 copy.png */; };
		37F0A0B21A85D19C00833582 /* Module2-2 copy.png in Resources */ = {isa = PBXBuildFile; fileRef = 37F0A0AB1A85D19C00833582 /* Module2-2 copy.png */; };
		37F0A0B91A85D1EC00833582 /* Module2-1 copy.png in Resources */ = {isa = PBXBuildFile; fileRef = 37F0A0B81A85D1EC00833582 /* Module2-1 copy.png */; };
		37F0A0BC1A85D99600833582 /* Module1.m in Sources */ = {isa = PBXBuildFile; fileRef = 37F0A0BB1A85D99600833582 /* Module1.m */; };
		37F0A0BE1A867E9600833582 /* background.png in Resources */ = {isa = PBXBuildFile; fileRef = 37F0A0BD1A867E9600833582 /* background.png */; };
		37F0A0C31A868A4800833582 /* Module1Quiz.m in Sources */ = {isa = PBXBuildFile; fileRef = 37F0A0C21A868A4800833582 /* Module1Quiz.m */; };
		37F0A0D91A86C0A200833582 /* continueToQuiz.png in Resources */ = {isa = PBXBuildFile; fileRef = 37F0A0D81A86C0A200833582 /* continueToQuiz.png */; };
		37F0A0DB1A86C19C00833582 /* PTSans.ttc in Resources */ = {isa = PBXBuildFile; fileRef = 37F0A0DA1A86C17C00833582 /* PTSans.ttc */; };
		37F0A0F11A86CE5700833582 /* beginModule1.png in Resources */ = {isa = PBXBuildFile; fileRef = 37F0A0EF1A86CE5700833582 /* beginModule1.png */; };
		37F0A0F21A86CE5700833582 /* Module1.png in Resources */ = {isa = PBXBuildFile; fileRef = 37F0A0F01A86CE5700833582 /* Module1.png */; };
		37F0A0F61A86D1B400833582 /* Module1Q1.png in Resources */ = {isa = PBXBuildFile; fileRef = 37F0A0F51A86D1B400833582 /* Module1Q1.png */; };
		37F177E81A86D33F005013A1 /* Module1Q1I.png in Resources */ = {isa = PBXBuildFile; fileRef = 37F177E61A86D33F005013A1 /* Module1Q1I.png */; };
		37F177EB1A86D358005013A1 /* Module1Q1C.png in Resources */ = {isa = PBXBuildFile; fileRef = 37F177EA1A86D358005013A1 /* Module1Q1C.png */; };
		37F177ED1A86D5B0005013A1 /* longButton.png in Resources */ = {isa = PBXBuildFile; fileRef = 37F177EC1A86D5B0005013A1 /* longButton.png */; };
		37F177EF1A86D5FB005013A1 /* Module1Q2.png in Resources */ = {isa = PBXBuildFile; fileRef = 37F177EE1A86D5FB005013A1 /* Module1Q2.png */; };
		37F177F21A86D887005013A1 /* Module1Q2C.png in Resources */ = {isa = PBXBuildFile; fileRef = 37F177F01A86D887005013A1 /* Module1Q2C.png */; };
		37F177F31A86D887005013A1 /* Module1Q2I.png in Resources */ = {isa = PBXBuildFile; fileRef = 37F177F11A86D887005013A1 /* Module1Q2I.png */; };
		37F177F51A86DAFF005013A1 /* button.png in Resources */ = {isa = PBXBuildFile; fileRef = 37F177F41A86DAFF005013A1 /* button.png */; };
		37F177F91A86DEC7005013A1 /* Module1Q3.png in Resources */ = {isa = PBXBuildFile; fileRef = 37F177F61A86DEC7005013A1 /* Module1Q3.png */; };
		37F177FA1A86DEC7005013A1 /* Module1Q3C.png in Resources */ = {isa = PBXBuildFile; fileRef = 37F177F71A86DEC7005013A1 /* Module1Q3C.png */; };
		37F177FB1A86DEC7005013A1 /* Module1Q3I.png in Resources */ = {isa = PBXBuildFile; fileRef = 37F177F81A86DEC7005013A1 /* Module1Q3I.png */; };
		37F177FD1A86DF70005013A1 /* Module1Completed.png in Resources */ = {isa = PBXBuildFile; fileRef = 37F177FC1A86DF70005013A1 /* Module1Completed.png */; };
		37F178021A86E8ED005013A1 /* Module2.m in Sources */ = {isa = PBXBuildFile; fileRef = 37F178011A86E8ED005013A1 /* Module2.m */; };
		37F178041A86E93F005013A1 /* Module2.png in Resources */ = {isa = PBXBuildFile; fileRef = 37F178031A86E93F005013A1 /* Module2.png */; };
		37F178061A86EAC0005013A1 /* Module2-7 copy.png in Resources */ = {isa = PBXBuildFile; fileRef = 37F178051A86EAC0005013A1 /* Module2-7 copy.png */; };
		37F1780A1A86F0B8005013A1 /* Module2Q2I.png in Resources */ = {isa = PBXBuildFile; fileRef = 37F178071A86F0B8005013A1 /* Module2Q2I.png */; };
		37F1780B1A86F0B8005013A1 /* Module2Q2C.png in Resources */ = {isa = PBXBuildFile; fileRef = 37F178081A86F0B8005013A1 /* Module2Q2C.png */; };
		37F1780C1A86F0B8005013A1 /* Module2Q2.png in Resources */ = {isa = PBXBuildFile; fileRef = 37F178091A86F0B8005013A1 /* Module2Q2.png */; };
		37F1780F1A86F0EC005013A1 /* Module2Quiz.m in Sources */ = {isa = PBXBuildFile; fileRef = 37F1780E1A86F0EC005013A1 /* Module2Quiz.m */; };
		37F178141A86F273005013A1 /* Module2-6 copy.png in Resources */ = {isa = PBXBuildFile; fileRef = 37F178101A86F273005013A1 /* Module2-6 copy.png */; };
		37F178151A86F273005013A1 /* Module2-5 copy.png in Resources */ = {isa = PBXBuildFile; fileRef = 37F178111A86F273005013A1 /* Module2-5 copy.png */; };
		37F178161A86F273005013A1 /* Module2-4 copy.png in Resources */ = {isa = PBXBuildFile; fileRef = 37F178121A86F273005013A1 /* Module2-4 copy.png */; };
		37F178171A86F273005013A1 /* Module2-3 copy.png in Resources */ = {isa = PBXBuildFile; fileRef = 37F178131A86F273005013A1 /* Module2-3 copy.png */; };
		37F1781B1A86F539005013A1 /* Module2Q1I.png in Resources */ = {isa = PBXBuildFile; fileRef = 37F178181A86F539005013A1 /* Module2Q1I.png */; };
		37F1781C1A86F539005013A1 /* Module2Q1C.png in Resources */ = {isa = PBXBuildFile; fileRef = 37F178191A86F539005013A1 /* Module2Q1C.png */; };
		37F1781D1A86F539005013A1 /* Module2Q1.png in Resources */ = {isa = PBXBuildFile; fileRef = 37F1781A1A86F539005013A1 /* Module2Q1.png */; };
		37F178211A86F97B005013A1 /* Module2Q3I.png in Resources */ = {isa = PBXBuildFile; fileRef = 37F1781E1A86F97B005013A1 /* Module2Q3I.png */; };
		37F178221A86F97B005013A1 /* Module2Q3C.png in Resources */ = {isa = PBXBuildFile; fileRef = 37F1781F1A86F97B005013A1 /* Module2Q3C.png */; };
		37F178231A86F97B005013A1 /* Module2Q3.png in Resources */ = {isa = PBXBuildFile; fileRef = 37F178201A86F97B005013A1 /* Module2Q3.png */; };
		37F178251A86FA7E005013A1 /* Module2Completed.png in Resources */ = {isa = PBXBuildFile; fileRef = 37F178241A86FA7E005013A1 /* Module2Completed.png */; };
		3896FF341A85A14400144A32 /* main.m in Sources */ = {isa = PBXBuildFile; fileRef = 3896FF331A85A14400144A32 /* main.m */; };
		3896FF371A85A14400144A32 /* AppDelegate.m in Sources */ = {isa = PBXBuildFile; fileRef = 3896FF361A85A14400144A32 /* AppDelegate.m */; };
		3896FF3D1A85A14400144A32 /* Main.storyboard in Resources */ = {isa = PBXBuildFile; fileRef = 3896FF3B1A85A14400144A32 /* Main.storyboard */; };
		3896FF3F1A85A14400144A32 /* Images.xcassets in Resources */ = {isa = PBXBuildFile; fileRef = 3896FF3E1A85A14400144A32 /* Images.xcassets */; };
		3896FF421A85A14400144A32 /* LaunchScreen.xib in Resources */ = {isa = PBXBuildFile; fileRef = 3896FF401A85A14400144A32 /* LaunchScreen.xib */; };
		3896FF4E1A85A14400144A32 /* LearningModuleTests.m in Sources */ = {isa = PBXBuildFile; fileRef = 3896FF4D1A85A14400144A32 /* LearningModuleTests.m */; };
/* End PBXBuildFile section */

/* Begin PBXContainerItemProxy section */
		3896FF481A85A14400144A32 /* PBXContainerItemProxy */ = {
			isa = PBXContainerItemProxy;
			containerPortal = 3896FF261A85A14400144A32 /* Project object */;
			proxyType = 1;
			remoteGlobalIDString = 3896FF2D1A85A14400144A32;
			remoteInfo = LearningModule;
		};
/* End PBXContainerItemProxy section */

/* Begin PBXFileReference section */
		37A457891A8711C5004C4634 /* Module3.h */ = {isa = PBXFileReference; fileEncoding = 4; lastKnownFileType = sourcecode.c.h; path = Module3.h; sourceTree = "<group>"; };
		37A4578A1A8711C5004C4634 /* Module3.m */ = {isa = PBXFileReference; fileEncoding = 4; lastKnownFileType = sourcecode.c.objc; path = Module3.m; sourceTree = "<group>"; };
		37A4578F1A871206004C4634 /* Module3-10.png */ = {isa = PBXFileReference; lastKnownFileType = image.png; path = "Module3-10.png"; sourceTree = "<group>"; };
		37A457901A871206004C4634 /* Module3-9.png */ = {isa = PBXFileReference; lastKnownFileType = image.png; path = "Module3-9.png"; sourceTree = "<group>"; };
		37A457911A871206004C4634 /* Module3-8.png */ = {isa = PBXFileReference; lastKnownFileType = image.png; path = "Module3-8.png"; sourceTree = "<group>"; };
		37A457921A871206004C4634 /* Module3-7.png */ = {isa = PBXFileReference; lastKnownFileType = image.png; path = "Module3-7.png"; sourceTree = "<group>"; };
		37A457931A871206004C4634 /* Module3-6.png */ = {isa = PBXFileReference; lastKnownFileType = image.png; path = "Module3-6.png"; sourceTree = "<group>"; };
		37A457941A871206004C4634 /* Module3-5.png */ = {isa = PBXFileReference; lastKnownFileType = image.png; path = "Module3-5.png"; sourceTree = "<group>"; };
		37A457951A871206004C4634 /* Module3-4.png */ = {isa = PBXFileReference; lastKnownFileType = image.png; path = "Module3-4.png"; sourceTree = "<group>"; };
		37A457961A871206004C4634 /* Module3-3.png */ = {isa = PBXFileReference; lastKnownFileType = image.png; path = "Module3-3.png"; sourceTree = "<group>"; };
		37A457971A871206004C4634 /* Module3-2.png */ = {isa = PBXFileReference; lastKnownFileType = image.png; path = "Module3-2.png"; sourceTree = "<group>"; };
		37A457981A871206004C4634 /* Module3-1.png */ = {isa = PBXFileReference; lastKnownFileType = image.png; path = "Module3-1.png"; sourceTree = "<group>"; };
		37A457A61A87128D004C4634 /* Module3.png */ = {isa = PBXFileReference; lastKnownFileType = image.png; path = Module3.png; sourceTree = "<group>"; };
		37A457A81A871442004C4634 /* Module3-11.png */ = {isa = PBXFileReference; lastKnownFileType = image.png; path = "Module3-11.png"; sourceTree = "<group>"; };
		37A457AA1A87149D004C4634 /* Module3Quiz.h */ = {isa = PBXFileReference; fileEncoding = 4; lastKnownFileType = sourcecode.c.h; path = Module3Quiz.h; sourceTree = "<group>"; };
		37A457AB1A87149D004C4634 /* Module3Quiz.m */ = {isa = PBXFileReference; fileEncoding = 4; lastKnownFileType = sourcecode.c.objc; path = Module3Quiz.m; sourceTree = "<group>"; };
		37A457AD1A8714E0004C4634 /* Module3Completed.png */ = {isa = PBXFileReference; lastKnownFileType = image.png; path = Module3Completed.png; sourceTree = "<group>"; };
		37A457AE1A8714E0004C4634 /* Module3Q3I.png */ = {isa = PBXFileReference; lastKnownFileType = image.png; path = Module3Q3I.png; sourceTree = "<group>"; };
		37A457AF1A8714E0004C4634 /* Module3Q3C.png */ = {isa = PBXFileReference; lastKnownFileType = image.png; path = Module3Q3C.png; sourceTree = "<group>"; };
		37A457B01A8714E0004C4634 /* Module3Q3.png */ = {isa = PBXFileReference; lastKnownFileType = image.png; path = Module3Q3.png; sourceTree = "<group>"; };
		37A457B11A8714E0004C4634 /* Module3Q2I.png */ = {isa = PBXFileReference; lastKnownFileType = image.png; path = Module3Q2I.png; sourceTree = "<group>"; };
		37A457B21A8714E0004C4634 /* Module3Q2.png */ = {isa = PBXFileReference; lastKnownFileType = image.png; path = Module3Q2.png; sourceTree = "<group>"; };
		37A457B31A8714E0004C4634 /* Module3Q1I.png */ = {isa = PBXFileReference; lastKnownFileType = image.png; path = Module3Q1I.png; sourceTree = "<group>"; };
		37A457B41A8714E0004C4634 /* Module3Q1C.png */ = {isa = PBXFileReference; lastKnownFileType = image.png; path = Module3Q1C.png; sourceTree = "<group>"; };
		37A457BF1A871501004C4634 /* Module3Q2C.png */ = {isa = PBXFileReference; lastKnownFileType = image.png; path = Module3Q2C.png; sourceTree = "<group>"; };
		37A457C11A8715D0004C4634 /* Module3Q1.png */ = {isa = PBXFileReference; lastKnownFileType = image.png; path = Module3Q1.png; sourceTree = "<group>"; };
		37F0A0931A85CBC000833582 /* Module1-6 copy.png */ = {isa = PBXFileReference; lastKnownFileType = image.png; path = "Module1-6 copy.png"; sourceTree = "<group>"; };
		37F0A0941A85CBC000833582 /* Module1-7 copy.png */ = {isa = PBXFileReference; lastKnownFileType = image.png; path = "Module1-7 copy.png"; sourceTree = "<group>"; };
		37F0A0951A85CBC000833582 /* Module1-8 copy.png */ = {isa = PBXFileReference; lastKnownFileType = image.png; path = "Module1-8 copy.png"; sourceTree = "<group>"; };
		37F0A0961A85CBC000833582 /* Module1-9 copy.png */ = {isa = PBXFileReference; lastKnownFileType = image.png; path = "Module1-9 copy.png"; sourceTree = "<group>"; };
		37F0A0971A85CBC000833582 /* Module1-1 copy.png */ = {isa = PBXFileReference; lastKnownFileType = image.png; path = "Module1-1 copy.png"; sourceTree = "<group>"; };
		37F0A0981A85CBC000833582 /* Module1-2 copy.png */ = {isa = PBXFileReference; lastKnownFileType = image.png; path = "Module1-2 copy.png"; sourceTree = "<group>"; };
		37F0A0991A85CBC000833582 /* Module1-3 copy.png */ = {isa = PBXFileReference; lastKnownFileType = image.png; path = "Module1-3 copy.png"; sourceTree = "<group>"; };
		37F0A09A1A85CBC000833582 /* Module1-4 copy.png */ = {isa = PBXFileReference; lastKnownFileType = image.png; path = "Module1-4 copy.png"; sourceTree = "<group>"; };
		37F0A09B1A85CBC000833582 /* Module1-5 copy.png */ = {isa = PBXFileReference; lastKnownFileType = image.png; path = "Module1-5 copy.png"; sourceTree = "<group>"; };
		37F0A09C1A85CBC000833582 /* Module1-10 copy.png */ = {isa = PBXFileReference; lastKnownFileType = image.png; path = "Module1-10 copy.png"; sourceTree = "<group>"; };
		37F0A09D1A85CBC000833582 /* Module1-11 copy.png */ = {isa = PBXFileReference; lastKnownFileType = image.png; path = "Module1-11 copy.png"; sourceTree = "<group>"; };
		37F0A0AB1A85D19C00833582 /* Module2-2 copy.png */ = {isa = PBXFileReference; lastKnownFileType = image.png; path = "Module2-2 copy.png"; sourceTree = "<group>"; };
		37F0A0B81A85D1EC00833582 /* Module2-1 copy.png */ = {isa = PBXFileReference; lastKnownFileType = image.png; path = "Module2-1 copy.png"; sourceTree = "<group>"; };
		37F0A0BA1A85D99600833582 /* Module1.h */ = {isa = PBXFileReference; fileEncoding = 4; lastKnownFileType = sourcecode.c.h; path = Module1.h; sourceTree = "<group>"; };
		37F0A0BB1A85D99600833582 /* Module1.m */ = {isa = PBXFileReference; fileEncoding = 4; lastKnownFileType = sourcecode.c.objc; path = Module1.m; sourceTree = "<group>"; };
		37F0A0BD1A867E9600833582 /* background.png */ = {isa = PBXFileReference; lastKnownFileType = image.png; path = background.png; sourceTree = "<group>"; };
		37F0A0C11A868A4800833582 /* Module1Quiz.h */ = {isa = PBXFileReference; fileEncoding = 4; lastKnownFileType = sourcecode.c.h; path = Module1Quiz.h; sourceTree = "<group>"; };
		37F0A0C21A868A4800833582 /* Module1Quiz.m */ = {isa = PBXFileReference; fileEncoding = 4; lastKnownFileType = sourcecode.c.objc; path = Module1Quiz.m; sourceTree = "<group>"; };
		37F0A0D81A86C0A200833582 /* continueToQuiz.png */ = {isa = PBXFileReference; lastKnownFileType = image.png; path = continueToQuiz.png; sourceTree = "<group>"; };
		37F0A0DA1A86C17C00833582 /* PTSans.ttc */ = {isa = PBXFileReference; lastKnownFileType = file; path = PTSans.ttc; sourceTree = "<group>"; };
		37F0A0EF1A86CE5700833582 /* beginModule1.png */ = {isa = PBXFileReference; lastKnownFileType = image.png; path = beginModule1.png; sourceTree = "<group>"; };
		37F0A0F01A86CE5700833582 /* Module1.png */ = {isa = PBXFileReference; lastKnownFileType = image.png; path = Module1.png; sourceTree = "<group>"; };
		37F0A0F51A86D1B400833582 /* Module1Q1.png */ = {isa = PBXFileReference; lastKnownFileType = image.png; path = Module1Q1.png; sourceTree = "<group>"; };
		37F177E61A86D33F005013A1 /* Module1Q1I.png */ = {isa = PBXFileReference; lastKnownFileType = image.png; path = Module1Q1I.png; sourceTree = "<group>"; };
		37F177EA1A86D358005013A1 /* Module1Q1C.png */ = {isa = PBXFileReference; lastKnownFileType = image.png; path = Module1Q1C.png; sourceTree = "<group>"; };
		37F177EC1A86D5B0005013A1 /* longButton.png */ = {isa = PBXFileReference; lastKnownFileType = image.png; path = longButton.png; sourceTree = "<group>"; };
		37F177EE1A86D5FB005013A1 /* Module1Q2.png */ = {isa = PBXFileReference; lastKnownFileType = image.png; path = Module1Q2.png; sourceTree = "<group>"; };
		37F177F01A86D887005013A1 /* Module1Q2C.png */ = {isa = PBXFileReference; lastKnownFileType = image.png; path = Module1Q2C.png; sourceTree = "<group>"; };
		37F177F11A86D887005013A1 /* Module1Q2I.png */ = {isa = PBXFileReference; lastKnownFileType = image.png; path = Module1Q2I.png; sourceTree = "<group>"; };
		37F177F41A86DAFF005013A1 /* button.png */ = {isa = PBXFileReference; lastKnownFileType = image.png; path = button.png; sourceTree = "<group>"; };
		37F177F61A86DEC7005013A1 /* Module1Q3.png */ = {isa = PBXFileReference; lastKnownFileType = image.png; path = Module1Q3.png; sourceTree = "<group>"; };
		37F177F71A86DEC7005013A1 /* Module1Q3C.png */ = {isa = PBXFileReference; lastKnownFileType = image.png; path = Module1Q3C.png; sourceTree = "<group>"; };
		37F177F81A86DEC7005013A1 /* Module1Q3I.png */ = {isa = PBXFileReference; lastKnownFileType = image.png; path = Module1Q3I.png; sourceTree = "<group>"; };
		37F177FC1A86DF70005013A1 /* Module1Completed.png */ = {isa = PBXFileReference; lastKnownFileType = image.png; path = Module1Completed.png; sourceTree = "<group>"; };
		37F178001A86E8ED005013A1 /* Module2.h */ = {isa = PBXFileReference; fileEncoding = 4; lastKnownFileType = sourcecode.c.h; path = Module2.h; sourceTree = "<group>"; };
		37F178011A86E8ED005013A1 /* Module2.m */ = {isa = PBXFileReference; fileEncoding = 4; lastKnownFileType = sourcecode.c.objc; path = Module2.m; sourceTree = "<group>"; };
		37F178031A86E93F005013A1 /* Module2.png */ = {isa = PBXFileReference; lastKnownFileType = image.png; path = Module2.png; sourceTree = "<group>"; };
		37F178051A86EAC0005013A1 /* Module2-7 copy.png */ = {isa = PBXFileReference; lastKnownFileType = image.png; path = "Module2-7 copy.png"; sourceTree = "<group>"; };
		37F178071A86F0B8005013A1 /* Module2Q2I.png */ = {isa = PBXFileReference; lastKnownFileType = image.png; path = Module2Q2I.png; sourceTree = "<group>"; };
		37F178081A86F0B8005013A1 /* Module2Q2C.png */ = {isa = PBXFileReference; lastKnownFileType = image.png; path = Module2Q2C.png; sourceTree = "<group>"; };
		37F178091A86F0B8005013A1 /* Module2Q2.png */ = {isa = PBXFileReference; lastKnownFileType = image.png; path = Module2Q2.png; sourceTree = "<group>"; };
		37F1780D1A86F0EC005013A1 /* Module2Quiz.h */ = {isa = PBXFileReference; fileEncoding = 4; lastKnownFileType = sourcecode.c.h; path = Module2Quiz.h; sourceTree = "<group>"; };
		37F1780E1A86F0EC005013A1 /* Module2Quiz.m */ = {isa = PBXFileReference; fileEncoding = 4; lastKnownFileType = sourcecode.c.objc; path = Module2Quiz.m; sourceTree = "<group>"; };
		37F178101A86F273005013A1 /* Module2-6 copy.png */ = {isa = PBXFileReference; lastKnownFileType = image.png; path = "Module2-6 copy.png"; sourceTree = "<group>"; };
		37F178111A86F273005013A1 /* Module2-5 copy.png */ = {isa = PBXFileReference; lastKnownFileType = image.png; path = "Module2-5 copy.png"; sourceTree = "<group>"; };
		37F178121A86F273005013A1 /* Module2-4 copy.png */ = {isa = PBXFileReference; lastKnownFileType = image.png; path = "Module2-4 copy.png"; sourceTree = "<group>"; };
		37F178131A86F273005013A1 /* Module2-3 copy.png */ = {isa = PBXFileReference; lastKnownFileType = image.png; path = "Module2-3 copy.png"; sourceTree = "<group>"; };
		37F178181A86F539005013A1 /* Module2Q1I.png */ = {isa = PBXFileReference; lastKnownFileType = image.png; path = Module2Q1I.png; sourceTree = "<group>"; };
		37F178191A86F539005013A1 /* Module2Q1C.png */ = {isa = PBXFileReference; lastKnownFileType = image.png; path = Module2Q1C.png; sourceTree = "<group>"; };
		37F1781A1A86F539005013A1 /* Module2Q1.png */ = {isa = PBXFileReference; lastKnownFileType = image.png; path = Module2Q1.png; sourceTree = "<group>"; };
		37F1781E1A86F97B005013A1 /* Module2Q3I.png */ = {isa = PBXFileReference; lastKnownFileType = image.png; path = Module2Q3I.png; sourceTree = "<group>"; };
		37F1781F1A86F97B005013A1 /* Module2Q3C.png */ = {isa = PBXFileReference; lastKnownFileType = image.png; path = Module2Q3C.png; sourceTree = "<group>"; };
		37F178201A86F97B005013A1 /* Module2Q3.png */ = {isa = PBXFileReference; lastKnownFileType = image.png; path = Module2Q3.png; sourceTree = "<group>"; };
		37F178241A86FA7E005013A1 /* Module2Completed.png */ = {isa = PBXFileReference; lastKnownFileType = image.png; path = Module2Completed.png; sourceTree = "<group>"; };
		3896FF2E1A85A14400144A32 /* LearningModule.app */ = {isa = PBXFileReference; explicitFileType = wrapper.application; includeInIndex = 0; path = LearningModule.app; sourceTree = BUILT_PRODUCTS_DIR; };
		3896FF321A85A14400144A32 /* Info.plist */ = {isa = PBXFileReference; lastKnownFileType = text.plist.xml; path = Info.plist; sourceTree = "<group>"; };
		3896FF331A85A14400144A32 /* main.m */ = {isa = PBXFileReference; lastKnownFileType = sourcecode.c.objc; path = main.m; sourceTree = "<group>"; };
		3896FF351A85A14400144A32 /* AppDelegate.h */ = {isa = PBXFileReference; lastKnownFileType = sourcecode.c.h; path = AppDelegate.h; sourceTree = "<group>"; };
		3896FF361A85A14400144A32 /* AppDelegate.m */ = {isa = PBXFileReference; lastKnownFileType = sourcecode.c.objc; path = AppDelegate.m; sourceTree = "<group>"; };
		3896FF3C1A85A14400144A32 /* Base */ = {isa = PBXFileReference; lastKnownFileType = file.storyboard; name = Base; path = Base.lproj/Main.storyboard; sourceTree = "<group>"; };
		3896FF3E1A85A14400144A32 /* Images.xcassets */ = {isa = PBXFileReference; lastKnownFileType = folder.assetcatalog; path = Images.xcassets; sourceTree = "<group>"; };
		3896FF411A85A14400144A32 /* Base */ = {isa = PBXFileReference; lastKnownFileType = file.xib; name = Base; path = Base.lproj/LaunchScreen.xib; sourceTree = "<group>"; };
		3896FF471A85A14400144A32 /* LearningModuleTests.xctest */ = {isa = PBXFileReference; explicitFileType = wrapper.cfbundle; includeInIndex = 0; path = LearningModuleTests.xctest; sourceTree = BUILT_PRODUCTS_DIR; };
		3896FF4C1A85A14400144A32 /* Info.plist */ = {isa = PBXFileReference; lastKnownFileType = text.plist.xml; path = Info.plist; sourceTree = "<group>"; };
		3896FF4D1A85A14400144A32 /* LearningModuleTests.m */ = {isa = PBXFileReference; lastKnownFileType = sourcecode.c.objc; path = LearningModuleTests.m; sourceTree = "<group>"; };
/* End PBXFileReference section */

/* Begin PBXFrameworksBuildPhase section */
		3896FF2B1A85A14400144A32 /* Frameworks */ = {
			isa = PBXFrameworksBuildPhase;
			buildActionMask = 2147483647;
			files = (
			);
			runOnlyForDeploymentPostprocessing = 0;
		};
		3896FF441A85A14400144A32 /* Frameworks */ = {
			isa = PBXFrameworksBuildPhase;
			buildActionMask = 2147483647;
			files = (
			);
			runOnlyForDeploymentPostprocessing = 0;
		};
/* End PBXFrameworksBuildPhase section */

/* Begin PBXGroup section */
		37A457881A87117A004C4634 /* Module3 */ = {
			isa = PBXGroup;
			children = (
				37A457A81A871442004C4634 /* Module3-11.png */,
				37A4578F1A871206004C4634 /* Module3-10.png */,
				37A457901A871206004C4634 /* Module3-9.png */,
				37A457911A871206004C4634 /* Module3-8.png */,
				37A457921A871206004C4634 /* Module3-7.png */,
				37A457931A871206004C4634 /* Module3-6.png */,
				37A457941A871206004C4634 /* Module3-5.png */,
				37A457951A871206004C4634 /* Module3-4.png */,
				37A457961A871206004C4634 /* Module3-3.png */,
				37A457BF1A871501004C4634 /* Module3Q2C.png */,
				37A457971A871206004C4634 /* Module3-2.png */,
				37A457981A871206004C4634 /* Module3-1.png */,
				37A457A61A87128D004C4634 /* Module3.png */,
				37A457AD1A8714E0004C4634 /* Module3Completed.png */,
				37A457AE1A8714E0004C4634 /* Module3Q3I.png */,
				37A457AF1A8714E0004C4634 /* Module3Q3C.png */,
				37A457B01A8714E0004C4634 /* Module3Q3.png */,
				37A457B11A8714E0004C4634 /* Module3Q2I.png */,
				37A457B21A8714E0004C4634 /* Module3Q2.png */,
				37A457B31A8714E0004C4634 /* Module3Q1I.png */,
				37A457B41A8714E0004C4634 /* Module3Q1C.png */,
				37A457C11A8715D0004C4634 /* Module3Q1.png */,
			);
			name = Module3;
			sourceTree = "<group>";
		};
		37F0A0921A85CBA900833582 /* Module1 */ = {
			isa = PBXGroup;
			children = (
				37F177F41A86DAFF005013A1 /* button.png */,
				37F0A0F51A86D1B400833582 /* Module1Q1.png */,
				37F0A0931A85CBC000833582 /* Module1-6 copy.png */,
				37F177EE1A86D5FB005013A1 /* Module1Q2.png */,
				37F177EA1A86D358005013A1 /* Module1Q1C.png */,
				37F177F61A86DEC7005013A1 /* Module1Q3.png */,
				37F177F71A86DEC7005013A1 /* Module1Q3C.png */,
				37F177F81A86DEC7005013A1 /* Module1Q3I.png */,
				37F177E61A86D33F005013A1 /* Module1Q1I.png */,
				37F0A0EF1A86CE5700833582 /* beginModule1.png */,
				37F177FC1A86DF70005013A1 /* Module1Completed.png */,
				37F177F01A86D887005013A1 /* Module1Q2C.png */,
				37F177F11A86D887005013A1 /* Module1Q2I.png */,
				37F177EC1A86D5B0005013A1 /* longButton.png */,
				37F0A0F01A86CE5700833582 /* Module1.png */,
				37F0A0941A85CBC000833582 /* Module1-7 copy.png */,
				37F0A0951A85CBC000833582 /* Module1-8 copy.png */,
				37F0A0961A85CBC000833582 /* Module1-9 copy.png */,
				37F0A0981A85CBC000833582 /* Module1-2 copy.png */,
				37F0A0991A85CBC000833582 /* Module1-3 copy.png */,
				37F0A09A1A85CBC000833582 /* Module1-4 copy.png */,
				37F0A09B1A85CBC000833582 /* Module1-5 copy.png */,
				37F0A09C1A85CBC000833582 /* Module1-10 copy.png */,
				37F0A0971A85CBC000833582 /* Module1-1 copy.png */,
				37F0A09D1A85CBC000833582 /* Module1-11 copy.png */,
			);
			name = Module1;
			sourceTree = "<group>";
		};
		37F0A0A91A85D19200833582 /* Module2 */ = {
			isa = PBXGroup;
			children = (
				37F0A0DA1A86C17C00833582 /* PTSans.ttc */,
				37F0A0B81A85D1EC00833582 /* Module2-1 copy.png */,
				37F0A0AB1A85D19C00833582 /* Module2-2 copy.png */,
				37F178031A86E93F005013A1 /* Module2.png */,
				37F178101A86F273005013A1 /* Module2-6 copy.png */,
				37F178111A86F273005013A1 /* Module2-5 copy.png */,
				37F178121A86F273005013A1 /* Module2-4 copy.png */,
				37F178181A86F539005013A1 /* Module2Q1I.png */,
				37F178191A86F539005013A1 /* Module2Q1C.png */,
				37F1781A1A86F539005013A1 /* Module2Q1.png */,
				37F178131A86F273005013A1 /* Module2-3 copy.png */,
				37F1781E1A86F97B005013A1 /* Module2Q3I.png */,
				37F178241A86FA7E005013A1 /* Module2Completed.png */,
				37F1781F1A86F97B005013A1 /* Module2Q3C.png */,
				37F178201A86F97B005013A1 /* Module2Q3.png */,
				37F178071A86F0B8005013A1 /* Module2Q2I.png */,
				37F178081A86F0B8005013A1 /* Module2Q2C.png */,
				37F178051A86EAC0005013A1 /* Module2-7 copy.png */,
				37F178091A86F0B8005013A1 /* Module2Q2.png */,
			);
			name = Module2;
			sourceTree = "<group>";
		};
		3896FF251A85A14400144A32 = {
			isa = PBXGroup;
			children = (
				3896FF301A85A14400144A32 /* LearningModule */,
				3896FF4A1A85A14400144A32 /* LearningModuleTests */,
				3896FF2F1A85A14400144A32 /* Products */,
			);
			sourceTree = "<group>";
		};
		3896FF2F1A85A14400144A32 /* Products */ = {
			isa = PBXGroup;
			children = (
				3896FF2E1A85A14400144A32 /* LearningModule.app */,
				3896FF471A85A14400144A32 /* LearningModuleTests.xctest */,
			);
			name = Products;
			sourceTree = "<group>";
		};
		3896FF301A85A14400144A32 /* LearningModule */ = {
			isa = PBXGroup;
			children = (
				37F0A0D81A86C0A200833582 /* continueToQuiz.png */,
				37F0A0BD1A867E9600833582 /* background.png */,
				37F0A0A91A85D19200833582 /* Module2 */,
				37A457881A87117A004C4634 /* Module3 */,
				37F0A0921A85CBA900833582 /* Module1 */,
				3896FF351A85A14400144A32 /* AppDelegate.h */,
				3896FF361A85A14400144A32 /* AppDelegate.m */,
				3896FF3B1A85A14400144A32 /* Main.storyboard */,
				37F0A0BA1A85D99600833582 /* Module1.h */,
				37F0A0BB1A85D99600833582 /* Module1.m */,
				37F0A0C11A868A4800833582 /* Module1Quiz.h */,
				37F0A0C21A868A4800833582 /* Module1Quiz.m */,
				37F178001A86E8ED005013A1 /* Module2.h */,
				37F178011A86E8ED005013A1 /* Module2.m */,
				37F1780D1A86F0EC005013A1 /* Module2Quiz.h */,
				37F1780E1A86F0EC005013A1 /* Module2Quiz.m */,
				37A457891A8711C5004C4634 /* Module3.h */,
				37A4578A1A8711C5004C4634 /* Module3.m */,
				37A457AA1A87149D004C4634 /* Module3Quiz.h */,
				37A457AB1A87149D004C4634 /* Module3Quiz.m */,
				3896FF3E1A85A14400144A32 /* Images.xcassets */,
				3896FF401A85A14400144A32 /* LaunchScreen.xib */,
				3896FF311A85A14400144A32 /* Supporting Files */,
			);
			path = LearningModule;
			sourceTree = "<group>";
		};
		3896FF311A85A14400144A32 /* Supporting Files */ = {
			isa = PBXGroup;
			children = (
				3896FF321A85A14400144A32 /* Info.plist */,
				3896FF331A85A14400144A32 /* main.m */,
			);
			name = "Supporting Files";
			sourceTree = "<group>";
		};
		3896FF4A1A85A14400144A32 /* LearningModuleTests */ = {
			isa = PBXGroup;
			children = (
				3896FF4D1A85A14400144A32 /* LearningModuleTests.m */,
				3896FF4B1A85A14400144A32 /* Supporting Files */,
			);
			path = LearningModuleTests;
			sourceTree = "<group>";
		};
		3896FF4B1A85A14400144A32 /* Supporting Files */ = {
			isa = PBXGroup;
			children = (
				3896FF4C1A85A14400144A32 /* Info.plist */,
			);
			name = "Supporting Files";
			sourceTree = "<group>";
		};
/* End PBXGroup section */

/* Begin PBXNativeTarget section */
		3896FF2D1A85A14400144A32 /* LearningModule */ = {
			isa = PBXNativeTarget;
			buildConfigurationList = 3896FF511A85A14400144A32 /* Build configuration list for PBXNativeTarget "LearningModule" */;
			buildPhases = (
				3896FF2A1A85A14400144A32 /* Sources */,
				3896FF2B1A85A14400144A32 /* Frameworks */,
				3896FF2C1A85A14400144A32 /* Resources */,
			);
			buildRules = (
			);
			dependencies = (
			);
			name = LearningModule;
			productName = LearningModule;
			productReference = 3896FF2E1A85A14400144A32 /* LearningModule.app */;
			productType = "com.apple.product-type.application";
		};
		3896FF461A85A14400144A32 /* LearningModuleTests */ = {
			isa = PBXNativeTarget;
			buildConfigurationList = 3896FF541A85A14400144A32 /* Build configuration list for PBXNativeTarget "LearningModuleTests" */;
			buildPhases = (
				3896FF431A85A14400144A32 /* Sources */,
				3896FF441A85A14400144A32 /* Frameworks */,
				3896FF451A85A14400144A32 /* Resources */,
			);
			buildRules = (
			);
			dependencies = (
				3896FF491A85A14400144A32 /* PBXTargetDependency */,
			);
			name = LearningModuleTests;
			productName = LearningModuleTests;
			productReference = 3896FF471A85A14400144A32 /* LearningModuleTests.xctest */;
			productType = "com.apple.product-type.bundle.unit-test";
		};
/* End PBXNativeTarget section */

/* Begin PBXProject section */
		3896FF261A85A14400144A32 /* Project object */ = {
			isa = PBXProject;
			attributes = {
				LastUpgradeCheck = 0610;
				ORGANIZATIONNAME = Sharkbait;
				TargetAttributes = {
					3896FF2D1A85A14400144A32 = {
						CreatedOnToolsVersion = 6.1.1;
					};
					3896FF461A85A14400144A32 = {
						CreatedOnToolsVersion = 6.1.1;
						TestTargetID = 3896FF2D1A85A14400144A32;
					};
				};
			};
			buildConfigurationList = 3896FF291A85A14400144A32 /* Build configuration list for PBXProject "LearningModule" */;
			compatibilityVersion = "Xcode 3.2";
			developmentRegion = English;
			hasScannedForEncodings = 0;
			knownRegions = (
				en,
				Base,
			);
			mainGroup = 3896FF251A85A14400144A32;
			productRefGroup = 3896FF2F1A85A14400144A32 /* Products */;
			projectDirPath = "";
			projectRoot = "";
			targets = (
				3896FF2D1A85A14400144A32 /* LearningModule */,
				3896FF461A85A14400144A32 /* LearningModuleTests */,
			);
		};
/* End PBXProject section */

/* Begin PBXResourcesBuildPhase section */
		3896FF2C1A85A14400144A32 /* Resources */ = {
			isa = PBXResourcesBuildPhase;
			buildActionMask = 2147483647;
			files = (
				37F0A0B21A85D19C00833582 /* Module2-2 copy.png in Resources */,
				37F0A0BE1A867E9600833582 /* background.png in Resources */,
				37F1781C1A86F539005013A1 /* Module2Q1C.png in Resources */,
				37A457BD1A8714E0004C4634 /* Module3Q1C.png in Resources */,
				37F178151A86F273005013A1 /* Module2-5 copy.png in Resources */,
				37A457A91A871442004C4634 /* Module3-11.png in Resources */,
				37A457B71A8714E0004C4634 /* Module3Q3I.png in Resources */,
				37F177F91A86DEC7005013A1 /* Module1Q3.png in Resources */,
				37A457A31A871206004C4634 /* Module3-1.png in Resources */,
				37F177ED1A86D5B0005013A1 /* longButton.png in Resources */,
				37F0A0D91A86C0A200833582 /* continueToQuiz.png in Resources */,
				37F178041A86E93F005013A1 /* Module2.png in Resources */,
				37F0A0DB1A86C19C00833582 /* PTSans.ttc in Resources */,
				37A4579F1A871206004C4634 /* Module3-5.png in Resources */,
				37A4579C1A871206004C4634 /* Module3-8.png in Resources */,
				3896FF3D1A85A14400144A32 /* Main.storyboard in Resources */,
				37F178221A86F97B005013A1 /* Module2Q3C.png in Resources */,
				37F0A0B91A85D1EC00833582 /* Module2-1 copy.png in Resources */,
				37F177EF1A86D5FB005013A1 /* Module1Q2.png in Resources */,
				37F0A0F61A86D1B400833582 /* Module1Q1.png in Resources */,
				37F177F21A86D887005013A1 /* Module1Q2C.png in Resources */,
				37A457B91A8714E0004C4634 /* Module3Q3.png in Resources */,
				37F177FD1A86DF70005013A1 /* Module1Completed.png in Resources */,
				37F0A09E1A85CBC000833582 /* Module1-6 copy.png in Resources */,
				37F0A0A21A85CBC000833582 /* Module1-1 copy.png in Resources */,
				37A4579E1A871206004C4634 /* Module3-6.png in Resources */,
				37A457A71A87128D004C4634 /* Module3.png in Resources */,
				37F0A0A51A85CBC000833582 /* Module1-4 copy.png in Resources */,
				37F0A0F11A86CE5700833582 /* beginModule1.png in Resources */,
				37F0A0A01A85CBC000833582 /* Module1-8 copy.png in Resources */,
				37F0A0A81A85CBC000833582 /* Module1-11 copy.png in Resources */,
				37F0A0A11A85CBC000833582 /* Module1-9 copy.png in Resources */,
				37A457C21A8715D0004C4634 /* Module3Q1.png in Resources */,
				3896FF421A85A14400144A32 /* LaunchScreen.xib in Resources */,
				37F0A0A31A85CBC000833582 /* Module1-2 copy.png in Resources */,
				37A4579D1A871206004C4634 /* Module3-7.png in Resources */,
				37A457B81A8714E0004C4634 /* Module3Q3C.png in Resources */,
				3896FF3F1A85A14400144A32 /* Images.xcassets in Resources */,
				37F177EB1A86D358005013A1 /* Module1Q1C.png in Resources */,
				37F1780C1A86F0B8005013A1 /* Module2Q2.png in Resources */,
				37F178231A86F97B005013A1 /* Module2Q3.png in Resources */,
				37A457C01A871501004C4634 /* Module3Q2C.png in Resources */,
				37F0A09F1A85CBC000833582 /* Module1-7 copy.png in Resources */,
				37F178211A86F97B005013A1 /* Module2Q3I.png in Resources */,
				37F178061A86EAC0005013A1 /* Module2-7 copy.png in Resources */,
				37A457B61A8714E0004C4634 /* Module3Completed.png in Resources */,
				37F177F31A86D887005013A1 /* Module1Q2I.png in Resources */,
				37A4579B1A871206004C4634 /* Module3-9.png in Resources */,
				37F1780B1A86F0B8005013A1 /* Module2Q2C.png in Resources */,
				37A457BA1A8714E0004C4634 /* Module3Q2I.png in Resources */,
				37F178141A86F273005013A1 /* Module2-6 copy.png in Resources */,
				37A4579A1A871206004C4634 /* Module3-10.png in Resources */,
				37A457A01A871206004C4634 /* Module3-4.png in Resources */,
				37F1780A1A86F0B8005013A1 /* Module2Q2I.png in Resources */,
				37F0A0A71A85CBC000833582 /* Module1-10 copy.png in Resources */,
				37A457A11A871206004C4634 /* Module3-3.png in Resources */,
				37F1781D1A86F539005013A1 /* Module2Q1.png in Resources */,
				37F177FA1A86DEC7005013A1 /* Module1Q3C.png in Resources */,
				37F178251A86FA7E005013A1 /* Module2Completed.png in Resources */,
				37F178161A86F273005013A1 /* Module2-4 copy.png in Resources */,
				37A457BC1A8714E0004C4634 /* Module3Q1I.png in Resources */,
				37F0A0F21A86CE5700833582 /* Module1.png in Resources */,
				37A457BB1A8714E0004C4634 /* Module3Q2.png in Resources */,
				37F0A0A41A85CBC000833582 /* Module1-3 copy.png in Resources */,
				37A457A21A871206004C4634 /* Module3-2.png in Resources */,
				37F0A0A61A85CBC000833582 /* Module1-5 copy.png in Resources */,
				37F178171A86F273005013A1 /* Module2-3 copy.png in Resources */,
				37F177F51A86DAFF005013A1 /* button.png in Resources */,
				37F177FB1A86DEC7005013A1 /* Module1Q3I.png in Resources */,
				37F177E81A86D33F005013A1 /* Module1Q1I.png in Resources */,
				37F1781B1A86F539005013A1 /* Module2Q1I.png in Resources */,
			);
			runOnlyForDeploymentPostprocessing = 0;
		};
		3896FF451A85A14400144A32 /* Resources */ = {
			isa = PBXResourcesBuildPhase;
			buildActionMask = 2147483647;
			files = (
			);
			runOnlyForDeploymentPostprocessing = 0;
		};
/* End PBXResourcesBuildPhase section */

/* Begin PBXSourcesBuildPhase section */
		3896FF2A1A85A14400144A32 /* Sources */ = {
			isa = PBXSourcesBuildPhase;
			buildActionMask = 2147483647;
			files = (
				37F0A0C31A868A4800833582 /* Module1Quiz.m in Sources */,
				37A4578B1A8711C5004C4634 /* Module3.m in Sources */,
				37A457AC1A87149D004C4634 /* Module3Quiz.m in Sources */,
				37F1780F1A86F0EC005013A1 /* Module2Quiz.m in Sources */,
				37F0A0BC1A85D99600833582 /* Module1.m in Sources */,
				3896FF371A85A14400144A32 /* AppDelegate.m in Sources */,
				3896FF341A85A14400144A32 /* main.m in Sources */,
				37F178021A86E8ED005013A1 /* Module2.m in Sources */,
			);
			runOnlyForDeploymentPostprocessing = 0;
		};
		3896FF431A85A14400144A32 /* Sources */ = {
			isa = PBXSourcesBuildPhase;
			buildActionMask = 2147483647;
			files = (
				3896FF4E1A85A14400144A32 /* LearningModuleTests.m in Sources */,
			);
			runOnlyForDeploymentPostprocessing = 0;
		};
/* End PBXSourcesBuildPhase section */

/* Begin PBXTargetDependency section */
		3896FF491A85A14400144A32 /* PBXTargetDependency */ = {
			isa = PBXTargetDependency;
			target = 3896FF2D1A85A14400144A32 /* LearningModule */;
			targetProxy = 3896FF481A85A14400144A32 /* PBXContainerItemProxy */;
		};
/* End PBXTargetDependency section */

/* Begin PBXVariantGroup section */
		3896FF3B1A85A14400144A32 /* Main.storyboard */ = {
			isa = PBXVariantGroup;
			children = (
				3896FF3C1A85A14400144A32 /* Base */,
			);
			name = Main.storyboard;
			sourceTree = "<group>";
		};
		3896FF401A85A14400144A32 /* LaunchScreen.xib */ = {
			isa = PBXVariantGroup;
			children = (
				3896FF411A85A14400144A32 /* Base */,
			);
			name = LaunchScreen.xib;
			sourceTree = "<group>";
		};
/* End PBXVariantGroup section */

/* Begin XCBuildConfiguration section */
		3896FF4F1A85A14400144A32 /* Debug */ = {
			isa = XCBuildConfiguration;
			buildSettings = {
				ALWAYS_SEARCH_USER_PATHS = NO;
				CLANG_CXX_LANGUAGE_STANDARD = "gnu++0x";
				CLANG_CXX_LIBRARY = "libc++";
				CLANG_ENABLE_MODULES = YES;
				CLANG_ENABLE_OBJC_ARC = YES;
				CLANG_WARN_BOOL_CONVERSION = YES;
				CLANG_WARN_CONSTANT_CONVERSION = YES;
				CLANG_WARN_DIRECT_OBJC_ISA_USAGE = YES_ERROR;
				CLANG_WARN_EMPTY_BODY = YES;
				CLANG_WARN_ENUM_CONVERSION = YES;
				CLANG_WARN_INT_CONVERSION = YES;
				CLANG_WARN_OBJC_ROOT_CLASS = YES_ERROR;
				CLANG_WARN_UNREACHABLE_CODE = YES;
				CLANG_WARN__DUPLICATE_METHOD_MATCH = YES;
				"CODE_SIGN_IDENTITY[sdk=iphoneos*]" = "iPhone Developer";
				COPY_PHASE_STRIP = NO;
				ENABLE_STRICT_OBJC_MSGSEND = YES;
				GCC_C_LANGUAGE_STANDARD = gnu99;
				GCC_DYNAMIC_NO_PIC = NO;
				GCC_OPTIMIZATION_LEVEL = 0;
				GCC_PREPROCESSOR_DEFINITIONS = (
					"DEBUG=1",
					"$(inherited)",
				);
				GCC_SYMBOLS_PRIVATE_EXTERN = NO;
				GCC_WARN_64_TO_32_BIT_CONVERSION = YES;
				GCC_WARN_ABOUT_RETURN_TYPE = YES_ERROR;
				GCC_WARN_UNDECLARED_SELECTOR = YES;
				GCC_WARN_UNINITIALIZED_AUTOS = YES_AGGRESSIVE;
				GCC_WARN_UNUSED_FUNCTION = YES;
				GCC_WARN_UNUSED_VARIABLE = YES;
				IPHONEOS_DEPLOYMENT_TARGET = 8.1;
				MTL_ENABLE_DEBUG_INFO = YES;
				ONLY_ACTIVE_ARCH = YES;
				SDKROOT = iphoneos;
				TARGETED_DEVICE_FAMILY = 2;
			};
			name = Debug;
		};
		3896FF501A85A14400144A32 /* Release */ = {
			isa = XCBuildConfiguration;
			buildSettings = {
				ALWAYS_SEARCH_USER_PATHS = NO;
				CLANG_CXX_LANGUAGE_STANDARD = "gnu++0x";
				CLANG_CXX_LIBRARY = "libc++";
				CLANG_ENABLE_MODULES = YES;
				CLANG_ENABLE_OBJC_ARC = YES;
				CLANG_WARN_BOOL_CONVERSION = YES;
				CLANG_WARN_CONSTANT_CONVERSION = YES;
				CLANG_WARN_DIRECT_OBJC_ISA_USAGE = YES_ERROR;
				CLANG_WARN_EMPTY_BODY = YES;
				CLANG_WARN_ENUM_CONVERSION = YES;
				CLANG_WARN_INT_CONVERSION = YES;
				CLANG_WARN_OBJC_ROOT_CLASS = YES_ERROR;
				CLANG_WARN_UNREACHABLE_CODE = YES;
				CLANG_WARN__DUPLICATE_METHOD_MATCH = YES;
				"CODE_SIGN_IDENTITY[sdk=iphoneos*]" = "iPhone Developer";
				COPY_PHASE_STRIP = YES;
				ENABLE_NS_ASSERTIONS = NO;
				ENABLE_STRICT_OBJC_MSGSEND = YES;
				GCC_C_LANGUAGE_STANDARD = gnu99;
				GCC_WARN_64_TO_32_BIT_CONVERSION = YES;
				GCC_WARN_ABOUT_RETURN_TYPE = YES_ERROR;
				GCC_WARN_UNDECLARED_SELECTOR = YES;
				GCC_WARN_UNINITIALIZED_AUTOS = YES_AGGRESSIVE;
				GCC_WARN_UNUSED_FUNCTION = YES;
				GCC_WARN_UNUSED_VARIABLE = YES;
				IPHONEOS_DEPLOYMENT_TARGET = 8.1;
				MTL_ENABLE_DEBUG_INFO = NO;
				SDKROOT = iphoneos;
				TARGETED_DEVICE_FAMILY = 2;
				VALIDATE_PRODUCT = YES;
			};
			name = Release;
		};
		3896FF521A85A14400144A32 /* Debug */ = {
			isa = XCBuildConfiguration;
			buildSettings = {
				ASSETCATALOG_COMPILER_APPICON_NAME = AppIcon;
				INFOPLIST_FILE = LearningModule/Info.plist;
				LD_RUNPATH_SEARCH_PATHS = "$(inherited) @executable_path/Frameworks";
				PRODUCT_NAME = "$(TARGET_NAME)";
			};
			name = Debug;
		};
		3896FF531A85A14400144A32 /* Release */ = {
			isa = XCBuildConfiguration;
			buildSettings = {
				ASSETCATALOG_COMPILER_APPICON_NAME = AppIcon;
				INFOPLIST_FILE = LearningModule/Info.plist;
				LD_RUNPATH_SEARCH_PATHS = "$(inherited) @executable_path/Frameworks";
				PRODUCT_NAME = "$(TARGET_NAME)";
			};
			name = Release;
		};
		3896FF551A85A14400144A32 /* Debug */ = {
			isa = XCBuildConfiguration;
			buildSettings = {
				BUNDLE_LOADER = "$(TEST_HOST)";
				FRAMEWORK_SEARCH_PATHS = (
					"$(SDKROOT)/Developer/Library/Frameworks",
					"$(inherited)",
				);
				GCC_PREPROCESSOR_DEFINITIONS = (
					"DEBUG=1",
					"$(inherited)",
				);
				INFOPLIST_FILE = LearningModuleTests/Info.plist;
				LD_RUNPATH_SEARCH_PATHS = "$(inherited) @executable_path/Frameworks @loader_path/Frameworks";
				PRODUCT_NAME = "$(TARGET_NAME)";
				TEST_HOST = "$(BUILT_PRODUCTS_DIR)/LearningModule.app/LearningModule";
			};
			name = Debug;
		};
		3896FF561A85A14400144A32 /* Release */ = {
			isa = XCBuildConfiguration;
			buildSettings = {
				BUNDLE_LOADER = "$(TEST_HOST)";
				FRAMEWORK_SEARCH_PATHS = (
					"$(SDKROOT)/Developer/Library/Frameworks",
					"$(inherited)",
				);
				INFOPLIST_FILE = LearningModuleTests/Info.plist;
				LD_RUNPATH_SEARCH_PATHS = "$(inherited) @executable_path/Frameworks @loader_path/Frameworks";
				PRODUCT_NAME = "$(TARGET_NAME)";
				TEST_HOST = "$(BUILT_PRODUCTS_DIR)/LearningModule.app/LearningModule";
			};
			name = Release;
		};
/* End XCBuildConfiguration section */

/* Begin XCConfigurationList section */
		3896FF291A85A14400144A32 /* Build configuration list for PBXProject "LearningModule" */ = {
			isa = XCConfigurationList;
			buildConfigurations = (
				3896FF4F1A85A14400144A32 /* Debug */,
				3896FF501A85A14400144A32 /* Release */,
			);
			defaultConfigurationIsVisible = 0;
			defaultConfigurationName = Release;
		};
		3896FF511A85A14400144A32 /* Build configuration list for PBXNativeTarget "LearningModule" */ = {
			isa = XCConfigurationList;
			buildConfigurations = (
				3896FF521A85A14400144A32 /* Debug */,
				3896FF531A85A14400144A32 /* Release */,
			);
			defaultConfigurationIsVisible = 0;
			defaultConfigurationName = Release;
		};
		3896FF541A85A14400144A32 /* Build configuration list for PBXNativeTarget "LearningModuleTests" */ = {
			isa = XCConfigurationList;
			buildConfigurations = (
				3896FF551A85A14400144A32 /* Debug */,
				3896FF561A85A14400144A32 /* Release */,
			);
			defaultConfigurationIsVisible = 0;
			defaultConfigurationName = Release;
		};
/* End XCConfigurationList section */
	};
	rootObject = 3896FF261A85A14400144A32 /* Project object */;
}
