// !$*UTF8*$!
{
	archiveVersion = 1;
	classes = {
	};
	objectVersion = 46;
	objects = {

/* Begin PBXBuildFile section */
		3746AC281A87C94F00CA8838 /* IARC.mp4 in Sources */ = {isa = PBXBuildFile; fileRef = 37A457F21A872A83004C4634 /* IARC.mp4 */; };
		3746AC451A881C1800CA8838 /* Intro.m in Sources */ = {isa = PBXBuildFile; fileRef = 3746AC441A881C1800CA8838 /* Intro.m */; };
		3746AC471A881E6200CA8838 /* white.png in Resources */ = {isa = PBXBuildFile; fileRef = 3746AC461A881E6200CA8838 /* white.png */; };
		3746AC4B1A881F1600CA8838 /* Intro1.png in Resources */ = {isa = PBXBuildFile; fileRef = 3746AC481A881F1600CA8838 /* Intro1.png */; };
		3746AC4D1A881F1600CA8838 /* Intro2.png in Resources */ = {isa = PBXBuildFile; fileRef = 3746AC4A1A881F1600CA8838 /* Intro2.png */; };
		3746AC4F1A881F9B00CA8838 /* Intro3.png in Resources */ = {isa = PBXBuildFile; fileRef = 3746AC4E1A881F9B00CA8838 /* Intro3.png */; };
		3746AC511A88206900CA8838 /* beginButton.png in Resources */ = {isa = PBXBuildFile; fileRef = 3746AC501A88206900CA8838 /* beginButton.png */; };
		3746AC531A8823D900CA8838 /* submitButton.png in Resources */ = {isa = PBXBuildFile; fileRef = 3746AC521A8823D900CA8838 /* submitButton.png */; };
		3746AC581A88258B00CA8838 /* TechAssessment.m in Sources */ = {isa = PBXBuildFile; fileRef = 3746AC571A88258B00CA8838 /* TechAssessment.m */; };
		3746AC5D1A8826F700CA8838 /* tech.png in Resources */ = {isa = PBXBuildFile; fileRef = 3746AC5C1A8826F700CA8838 /* tech.png */; };
		3746AC5F1A88271200CA8838 /* techBox.png in Resources */ = {isa = PBXBuildFile; fileRef = 3746AC5E1A88271200CA8838 /* techBox.png */; };
		3746AC611A88289500CA8838 /* swipe.png in Resources */ = {isa = PBXBuildFile; fileRef = 3746AC601A88289500CA8838 /* swipe.png */; };
		3746AC631A882CD100CA8838 /* click.png in Resources */ = {isa = PBXBuildFile; fileRef = 3746AC621A882CD100CA8838 /* click.png */; };
		3746AC671A882D7A00CA8838 /* penguin.png in Resources */ = {isa = PBXBuildFile; fileRef = 3746AC661A882D7A00CA8838 /* penguin.png */; };
		3746AC6F1A8832CE00CA8838 /* techBoxLast.png in Resources */ = {isa = PBXBuildFile; fileRef = 3746AC6E1A8832CE00CA8838 /* techBoxLast.png */; };
		3746AC711A8833DA00CA8838 /* toModule1.png in Resources */ = {isa = PBXBuildFile; fileRef = 3746AC701A8833DA00CA8838 /* toModule1.png */; };
		3746AC771A883BC100CA8838 /* demoSurvey.png in Resources */ = {isa = PBXBuildFile; fileRef = 3746AC761A883BC100CA8838 /* demoSurvey.png */; };
		3746AC7C1A885D6100CA8838 /* neg3.png in Resources */ = {isa = PBXBuildFile; fileRef = 3746AC791A885D6100CA8838 /* neg3.png */; };
		3746AC7D1A885D6100CA8838 /* neg2.png in Resources */ = {isa = PBXBuildFile; fileRef = 3746AC7A1A885D6100CA8838 /* neg2.png */; };
		3746AC7E1A885D6100CA8838 /* neg1.png in Resources */ = {isa = PBXBuildFile; fileRef = 3746AC7B1A885D6100CA8838 /* neg1.png */; };
		3746AC851A885D6F00CA8838 /* neg2C.png in Resources */ = {isa = PBXBuildFile; fileRef = 3746AC7F1A885D6F00CA8838 /* neg2C.png */; };
		3746AC861A885D6F00CA8838 /* neg2I.png in Resources */ = {isa = PBXBuildFile; fileRef = 3746AC801A885D6F00CA8838 /* neg2I.png */; };
		3746AC871A885D6F00CA8838 /* neg1I.png in Resources */ = {isa = PBXBuildFile; fileRef = 3746AC811A885D6F00CA8838 /* neg1I.png */; };
		3746AC881A885D6F00CA8838 /* neg1C.png in Resources */ = {isa = PBXBuildFile; fileRef = 3746AC821A885D6F00CA8838 /* neg1C.png */; };
		3746AC891A885D6F00CA8838 /* neg3I.png in Resources */ = {isa = PBXBuildFile; fileRef = 3746AC831A885D6F00CA8838 /* neg3I.png */; };
		3746AC8A1A885D6F00CA8838 /* neg3C.png in Resources */ = {isa = PBXBuildFile; fileRef = 3746AC841A885D6F00CA8838 /* neg3C.png */; };
		3746AC8E1A885D7800CA8838 /* invasiveButton.png in Resources */ = {isa = PBXBuildFile; fileRef = 3746AC8B1A885D7800CA8838 /* invasiveButton.png */; };
		3746AC901A885D7800CA8838 /* negativeButton.png in Resources */ = {isa = PBXBuildFile; fileRef = 3746AC8D1A885D7800CA8838 /* negativeButton.png */; };
		3746AC921A885D8500CA8838 /* positiveButton.png in Resources */ = {isa = PBXBuildFile; fileRef = 3746AC911A885D8500CA8838 /* positiveButton.png */; };
		3746AC9C1A885FBC00CA8838 /* inv3I.png in Resources */ = {isa = PBXBuildFile; fileRef = 3746AC931A885FBC00CA8838 /* inv3I.png */; };
		3746AC9D1A885FBC00CA8838 /* inv3C.png in Resources */ = {isa = PBXBuildFile; fileRef = 3746AC941A885FBC00CA8838 /* inv3C.png */; };
		3746AC9E1A885FBC00CA8838 /* inv3.png in Resources */ = {isa = PBXBuildFile; fileRef = 3746AC951A885FBC00CA8838 /* inv3.png */; };
		3746AC9F1A885FBC00CA8838 /* inv2I.png in Resources */ = {isa = PBXBuildFile; fileRef = 3746AC961A885FBC00CA8838 /* inv2I.png */; };
		3746ACA01A885FBC00CA8838 /* inv2C.png in Resources */ = {isa = PBXBuildFile; fileRef = 3746AC971A885FBC00CA8838 /* inv2C.png */; };
		3746ACA11A885FBC00CA8838 /* inv2.png in Resources */ = {isa = PBXBuildFile; fileRef = 3746AC981A885FBC00CA8838 /* inv2.png */; };
		3746ACA21A885FBC00CA8838 /* inv1I.png in Resources */ = {isa = PBXBuildFile; fileRef = 3746AC991A885FBC00CA8838 /* inv1I.png */; };
		3746ACA31A885FBC00CA8838 /* inv1C.png in Resources */ = {isa = PBXBuildFile; fileRef = 3746AC9A1A885FBC00CA8838 /* inv1C.png */; };
		3746ACA41A885FBC00CA8838 /* inv1.png in Resources */ = {isa = PBXBuildFile; fileRef = 3746AC9B1A885FBC00CA8838 /* inv1.png */; };
		3746ACAE1A88623500CA8838 /* pos3C.png in Resources */ = {isa = PBXBuildFile; fileRef = 3746ACA51A88623500CA8838 /* pos3C.png */; };
		3746ACAF1A88623500CA8838 /* pos3I.png in Resources */ = {isa = PBXBuildFile; fileRef = 3746ACA61A88623500CA8838 /* pos3I.png */; };
		3746ACB01A88623500CA8838 /* pos3.png in Resources */ = {isa = PBXBuildFile; fileRef = 3746ACA71A88623500CA8838 /* pos3.png */; };
		3746ACB11A88623500CA8838 /* pos2I.png in Resources */ = {isa = PBXBuildFile; fileRef = 3746ACA81A88623500CA8838 /* pos2I.png */; };
		3746ACB21A88623500CA8838 /* pos2C.png in Resources */ = {isa = PBXBuildFile; fileRef = 3746ACA91A88623500CA8838 /* pos2C.png */; };
		3746ACB31A88623500CA8838 /* pos2.png in Resources */ = {isa = PBXBuildFile; fileRef = 3746ACAA1A88623500CA8838 /* pos2.png */; };
		3746ACB41A88623500CA8838 /* pos1I.png in Resources */ = {isa = PBXBuildFile; fileRef = 3746ACAB1A88623500CA8838 /* pos1I.png */; };
		3746ACB51A88623500CA8838 /* pos1C.png in Resources */ = {isa = PBXBuildFile; fileRef = 3746ACAC1A88623500CA8838 /* pos1C.png */; };
		3746ACB61A88623500CA8838 /* pos1.png in Resources */ = {isa = PBXBuildFile; fileRef = 3746ACAD1A88623500CA8838 /* pos1.png */; };
		3746ACB91A88624B00CA8838 /* VideoQuiz.m in Sources */ = {isa = PBXBuildFile; fileRef = 3746ACB81A88624B00CA8838 /* VideoQuiz.m */; };
		3746ACBB1A8866FD00CA8838 /* continueButton.png in Resources */ = {isa = PBXBuildFile; fileRef = 3746ACBA1A8866FD00CA8838 /* continueButton.png */; };
		3746ACBD1A8867EA00CA8838 /* VideoQuizComplete.png in Resources */ = {isa = PBXBuildFile; fileRef = 3746ACBC1A8867EA00CA8838 /* VideoQuizComplete.png */; };
		3746ACC01A886AE000CA8838 /* Test.m in Sources */ = {isa = PBXBuildFile; fileRef = 3746ACBF1A886AE000CA8838 /* Test.m */; };
		3746ACCB1A88714000CA8838 /* Q4.png in Resources */ = {isa = PBXBuildFile; fileRef = 3746ACC11A88714000CA8838 /* Q4.png */; };
		3746ACCC1A88714000CA8838 /* Q10.png in Resources */ = {isa = PBXBuildFile; fileRef = 3746ACC21A88714000CA8838 /* Q10.png */; };
		3746ACCD1A88714000CA8838 /* Q9.png in Resources */ = {isa = PBXBuildFile; fileRef = 3746ACC31A88714000CA8838 /* Q9.png */; };
		3746ACCE1A88714000CA8838 /* Q8.png in Resources */ = {isa = PBXBuildFile; fileRef = 3746ACC41A88714000CA8838 /* Q8.png */; };
		3746ACCF1A88714000CA8838 /* Q7.png in Resources */ = {isa = PBXBuildFile; fileRef = 3746ACC51A88714000CA8838 /* Q7.png */; };
		3746ACD01A88714000CA8838 /* Q6.png in Resources */ = {isa = PBXBuildFile; fileRef = 3746ACC61A88714000CA8838 /* Q6.png */; };
		3746ACD11A88714000CA8838 /* Q3.png in Resources */ = {isa = PBXBuildFile; fileRef = 3746ACC71A88714000CA8838 /* Q3.png */; };
		3746ACD21A88714000CA8838 /* Q5.png in Resources */ = {isa = PBXBuildFile; fileRef = 3746ACC81A88714000CA8838 /* Q5.png */; };
		3746ACD31A88714000CA8838 /* Q2.png in Resources */ = {isa = PBXBuildFile; fileRef = 3746ACC91A88714000CA8838 /* Q2.png */; };
		3746ACD41A88714000CA8838 /* Q1.png in Resources */ = {isa = PBXBuildFile; fileRef = 3746ACCA1A88714000CA8838 /* Q1.png */; };
		3746ACD91A88833800CA8838 /* Q13.png in Resources */ = {isa = PBXBuildFile; fileRef = 3746ACD61A88833800CA8838 /* Q13.png */; };
		3746ACDA1A88833800CA8838 /* Q12.png in Resources */ = {isa = PBXBuildFile; fileRef = 3746ACD71A88833800CA8838 /* Q12.png */; };
		3746ACDB1A88833800CA8838 /* Q11.png in Resources */ = {isa = PBXBuildFile; fileRef = 3746ACD81A88833800CA8838 /* Q11.png */; };
		3746ACDF1A88844400CA8838 /* Q16.png in Resources */ = {isa = PBXBuildFile; fileRef = 3746ACDC1A88844400CA8838 /* Q16.png */; };
		3746ACE01A88844400CA8838 /* Q15.png in Resources */ = {isa = PBXBuildFile; fileRef = 3746ACDD1A88844400CA8838 /* Q15.png */; };
		3746ACE11A88844400CA8838 /* Q14.png in Resources */ = {isa = PBXBuildFile; fileRef = 3746ACDE1A88844400CA8838 /* Q14.png */; };
		3746ACE31A88889400CA8838 /* ModuleCompleted.png in Resources */ = {isa = PBXBuildFile; fileRef = 3746ACE21A88889400CA8838 /* ModuleCompleted.png */; };
		37A4578B1A8711C5004C4634 /* Module3.m in Sources */ = {isa = PBXBuildFile; fileRef = 37A4578A1A8711C5004C4634 /* Module3.m */; };
		37A4579A1A871206004C4634 /* Module3-10.png in Resources */ = {isa = PBXBuildFile; fileRef = 37A4578F1A871206004C4634 /* Module3-10.png */; };
		37A4579B1A871206004C4634 /* Module3-9.png in Resources */ = {isa = PBXBuildFile; fileRef = 37A457901A871206004C4634 /* Module3-9.png */; };
		37A4579C1A871206004C4634 /* Module3-8.png in Resources */ = {isa = PBXBuildFile; fileRef = 37A457911A871206004C4634 /* Module3-8.png */; };
		37A4579D1A871206004C4634 /* Module3-7.png in Resources */ = {isa = PBXBuildFile; fileRef = 37A457921A871206004C4634 /* Module3-7.png */; };
		37A4579E1A871206004C4634 /* Module3-6.png in Resources */ = {isa = PBXBuildFile; fileRef = 37A457931A871206004C4634 /* Module3-6.png */; };
		37A4579F1A871206004C4634 /* Module3-5.png in Resources */ = {isa = PBXBuildFile; fileRef = 37A457941A871206004C4634 /* Module3-5.png */; };
		37A457A01A871206004C4634 /* Module3-4.png in Resources */ = {isa = PBXBuildFile; fileRef = 37A457951A871206004C4634 /* Module3-4.png */; };
		37A457A11A871206004C4634 /* Module3-3.png in Resources */ = {isa = PBXBuildFile; fileRef = 37A457961A871206004C4634 /* Module3-3.png */; };
		37A457A21A871206004C4634 /* Module3-2.png in Resources */ = {isa = PBXBuildFile; fileRef = 37A457971A871206004C4634 /* Module3-2.png */; };
		37A457A31A871206004C4634 /* Module3-1.png in Resources */ = {isa = PBXBuildFile; fileRef = 37A457981A871206004C4634 /* Module3-1.png */; };
		37A457A91A871442004C4634 /* Module3-11.png in Resources */ = {isa = PBXBuildFile; fileRef = 37A457A81A871442004C4634 /* Module3-11.png */; };
		37A457AC1A87149D004C4634 /* Module3Quiz.m in Sources */ = {isa = PBXBuildFile; fileRef = 37A457AB1A87149D004C4634 /* Module3Quiz.m */; };
		37A457B61A8714E0004C4634 /* Module3Completed.png in Resources */ = {isa = PBXBuildFile; fileRef = 37A457AD1A8714E0004C4634 /* Module3Completed.png */; };
		37A457B71A8714E0004C4634 /* Module3Q3I.png in Resources */ = {isa = PBXBuildFile; fileRef = 37A457AE1A8714E0004C4634 /* Module3Q3I.png */; };
		37A457B81A8714E0004C4634 /* Module3Q3C.png in Resources */ = {isa = PBXBuildFile; fileRef = 37A457AF1A8714E0004C4634 /* Module3Q3C.png */; };
		37A457B91A8714E0004C4634 /* Module3Q3.png in Resources */ = {isa = PBXBuildFile; fileRef = 37A457B01A8714E0004C4634 /* Module3Q3.png */; };
		37A457BA1A8714E0004C4634 /* Module3Q2I.png in Resources */ = {isa = PBXBuildFile; fileRef = 37A457B11A8714E0004C4634 /* Module3Q2I.png */; };
		37A457BB1A8714E0004C4634 /* Module3Q2.png in Resources */ = {isa = PBXBuildFile; fileRef = 37A457B21A8714E0004C4634 /* Module3Q2.png */; };
		37A457BC1A8714E0004C4634 /* Module3Q1I.png in Resources */ = {isa = PBXBuildFile; fileRef = 37A457B31A8714E0004C4634 /* Module3Q1I.png */; };
		37A457BD1A8714E0004C4634 /* Module3Q1C.png in Resources */ = {isa = PBXBuildFile; fileRef = 37A457B41A8714E0004C4634 /* Module3Q1C.png */; };
		37A457C01A871501004C4634 /* Module3Q2C.png in Resources */ = {isa = PBXBuildFile; fileRef = 37A457BF1A871501004C4634 /* Module3Q2C.png */; };
		37A457C21A8715D0004C4634 /* Module3Q1.png in Resources */ = {isa = PBXBuildFile; fileRef = 37A457C11A8715D0004C4634 /* Module3Q1.png */; };
		37A457C41A87191B004C4634 /* MediaPlayer.framework in Frameworks */ = {isa = PBXBuildFile; fileRef = 37A457C31A87191B004C4634 /* MediaPlayer.framework */; };
		37A457C71A871934004C4634 /* Module4.m in Sources */ = {isa = PBXBuildFile; fileRef = 37A457C61A871934004C4634 /* Module4.m */; };
		37A457CB1A871A79004C4634 /* AVFoundation.framework in Frameworks */ = {isa = PBXBuildFile; fileRef = 37A457CA1A871A79004C4634 /* AVFoundation.framework */; };
		37A457F31A872A83004C4634 /* IARC.mp4 in Resources */ = {isa = PBXBuildFile; fileRef = 37A457F21A872A83004C4634 /* IARC.mp4 */; };
		37A457F51A872CF0004C4634 /* Module3.png in Resources */ = {isa = PBXBuildFile; fileRef = 37A457F41A872CF0004C4634 /* Module3.png */; };
		37A457F81A872E8E004C4634 /* DemoSurvey.m in Sources */ = {isa = PBXBuildFile; fileRef = 37A457F71A872E8E004C4634 /* DemoSurvey.m */; };
		37F0A09E1A85CBC000833582 /* Module1-6 copy.png in Resources */ = {isa = PBXBuildFile; fileRef = 37F0A0931A85CBC000833582 /* Module1-6 copy.png */; };
		37F0A09F1A85CBC000833582 /* Module1-7 copy.png in Resources */ = {isa = PBXBuildFile; fileRef = 37F0A0941A85CBC000833582 /* Module1-7 copy.png */; };
		37F0A0A01A85CBC000833582 /* Module1-8 copy.png in Resources */ = {isa = PBXBuildFile; fileRef = 37F0A0951A85CBC000833582 /* Module1-8 copy.png */; };
		37F0A0A11A85CBC000833582 /* Module1-9 copy.png in Resources */ = {isa = PBXBuildFile; fileRef = 37F0A0961A85CBC000833582 /* Module1-9 copy.png */; };
		37F0A0A21A85CBC000833582 /* Module1-1 copy.png in Resources */ = {isa = PBXBuildFile; fileRef = 37F0A0971A85CBC000833582 /* Module1-1 copy.png */; };
		37F0A0A31A85CBC000833582 /* Module1-2 copy.png in Resources */ = {isa = PBXBuildFile; fileRef = 37F0A0981A85CBC000833582 /* Module1-2 copy.png */; };
		37F0A0A41A85CBC000833582 /* Module1-3 copy.png in Resources */ = {isa = PBXBuildFile; fileRef = 37F0A0991A85CBC000833582 /* Module1-3 copy.png */; };
		37F0A0A51A85CBC000833582 /* Module1-4 copy.png in Resources */ = {isa = PBXBuildFile; fileRef = 37F0A09A1A85CBC000833582 /* Module1-4 copy.png */; };
		37F0A0A61A85CBC000833582 /* Module1-5 copy.png in Resources */ = {isa = PBXBuildFile; fileRef = 37F0A09B1A85CBC000833582 /* Module1-5 copy.png */; };
		37F0A0A71A85CBC000833582 /* Module1-10 copy.png in Resources */ = {isa = PBXBuildFile; fileRef = 37F0A09C1A85CBC000833582 /* Module1-10 copy.png */; };
		37F0A0A81A85CBC000833582 /* Module1-11 copy.png in Resources */ = {isa = PBXBuildFile; fileRef = 37F0A09D1A85CBC000833582 /* Module1-11 copy.png */; };
		37F0A0B21A85D19C00833582 /* Module2-2 copy.png in Resources */ = {isa = PBXBuildFile; fileRef = 37F0A0AB1A85D19C00833582 /* Module2-2 copy.png */; };
		37F0A0B91A85D1EC00833582 /* Module2-1 copy.png in Resources */ = {isa = PBXBuildFile; fileRef = 37F0A0B81A85D1EC00833582 /* Module2-1 copy.png */; };
		37F0A0BC1A85D99600833582 /* Module1.m in Sources */ = {isa = PBXBuildFile; fileRef = 37F0A0BB1A85D99600833582 /* Module1.m */; };
		37F0A0BE1A867E9600833582 /* background.png in Resources */ = {isa = PBXBuildFile; fileRef = 37F0A0BD1A867E9600833582 /* background.png */; };
		37F0A0C31A868A4800833582 /* Module1Quiz.m in Sources */ = {isa = PBXBuildFile; fileRef = 37F0A0C21A868A4800833582 /* Module1Quiz.m */; };
		37F0A0D91A86C0A200833582 /* continueToQuiz.png in Resources */ = {isa = PBXBuildFile; fileRef = 37F0A0D81A86C0A200833582 /* continueToQuiz.png */; };
		37F0A0DB1A86C19C00833582 /* PTSans.ttc in Resources */ = {isa = PBXBuildFile; fileRef = 37F0A0DA1A86C17C00833582 /* PTSans.ttc */; };
		37F0A0F11A86CE5700833582 /* beginModule1.png in Resources */ = {isa = PBXBuildFile; fileRef = 37F0A0EF1A86CE5700833582 /* beginModule1.png */; };
		37F0A0F21A86CE5700833582 /* Module1.png in Resources */ = {isa = PBXBuildFile; fileRef = 37F0A0F01A86CE5700833582 /* Module1.png */; };
		37F0A0F61A86D1B400833582 /* Module1Q1.png in Resources */ = {isa = PBXBuildFile; fileRef = 37F0A0F51A86D1B400833582 /* Module1Q1.png */; };
		37F177E81A86D33F005013A1 /* Module1Q1I.png in Resources */ = {isa = PBXBuildFile; fileRef = 37F177E61A86D33F005013A1 /* Module1Q1I.png */; };
		37F177EB1A86D358005013A1 /* Module1Q1C.png in Resources */ = {isa = PBXBuildFile; fileRef = 37F177EA1A86D358005013A1 /* Module1Q1C.png */; };
		37F177ED1A86D5B0005013A1 /* longButton.png in Resources */ = {isa = PBXBuildFile; fileRef = 37F177EC1A86D5B0005013A1 /* longButton.png */; };
		37F177EF1A86D5FB005013A1 /* Module1Q2.png in Resources */ = {isa = PBXBuildFile; fileRef = 37F177EE1A86D5FB005013A1 /* Module1Q2.png */; };
		37F177F21A86D887005013A1 /* Module1Q2C.png in Resources */ = {isa = PBXBuildFile; fileRef = 37F177F01A86D887005013A1 /* Module1Q2C.png */; };
		37F177F31A86D887005013A1 /* Module1Q2I.png in Resources */ = {isa = PBXBuildFile; fileRef = 37F177F11A86D887005013A1 /* Module1Q2I.png */; };
		37F177F51A86DAFF005013A1 /* button.png in Resources */ = {isa = PBXBuildFile; fileRef = 37F177F41A86DAFF005013A1 /* button.png */; };
		37F177F91A86DEC7005013A1 /* Module1Q3.png in Resources */ = {isa = PBXBuildFile; fileRef = 37F177F61A86DEC7005013A1 /* Module1Q3.png */; };
		37F177FA1A86DEC7005013A1 /* Module1Q3C.png in Resources */ = {isa = PBXBuildFile; fileRef = 37F177F71A86DEC7005013A1 /* Module1Q3C.png */; };
		37F177FB1A86DEC7005013A1 /* Module1Q3I.png in Resources */ = {isa = PBXBuildFile; fileRef = 37F177F81A86DEC7005013A1 /* Module1Q3I.png */; };
		37F177FD1A86DF70005013A1 /* Module1Completed.png in Resources */ = {isa = PBXBuildFile; fileRef = 37F177FC1A86DF70005013A1 /* Module1Completed.png */; };
		37F178021A86E8ED005013A1 /* Module2.m in Sources */ = {isa = PBXBuildFile; fileRef = 37F178011A86E8ED005013A1 /* Module2.m */; };
		37F178041A86E93F005013A1 /* Module2.png in Resources */ = {isa = PBXBuildFile; fileRef = 37F178031A86E93F005013A1 /* Module2.png */; };
		37F178061A86EAC0005013A1 /* Module2-7 copy.png in Resources */ = {isa = PBXBuildFile; fileRef = 37F178051A86EAC0005013A1 /* Module2-7 copy.png */; };
		37F1780A1A86F0B8005013A1 /* Module2Q2I.png in Resources */ = {isa = PBXBuildFile; fileRef = 37F178071A86F0B8005013A1 /* Module2Q2I.png */; };
		37F1780B1A86F0B8005013A1 /* Module2Q2C.png in Resources */ = {isa = PBXBuildFile; fileRef = 37F178081A86F0B8005013A1 /* Module2Q2C.png */; };
		37F1780C1A86F0B8005013A1 /* Module2Q2.png in Resources */ = {isa = PBXBuildFile; fileRef = 37F178091A86F0B8005013A1 /* Module2Q2.png */; };
		37F1780F1A86F0EC005013A1 /* Module2Quiz.m in Sources */ = {isa = PBXBuildFile; fileRef = 37F1780E1A86F0EC005013A1 /* Module2Quiz.m */; };
		37F178141A86F273005013A1 /* Module2-6 copy.png in Resources */ = {isa = PBXBuildFile; fileRef = 37F178101A86F273005013A1 /* Module2-6 copy.png */; };
		37F178151A86F273005013A1 /* Module2-5 copy.png in Resources */ = {isa = PBXBuildFile; fileRef = 37F178111A86F273005013A1 /* Module2-5 copy.png */; };
		37F178161A86F273005013A1 /* Module2-4 copy.png in Resources */ = {isa = PBXBuildFile; fileRef = 37F178121A86F273005013A1 /* Module2-4 copy.png */; };
		37F178171A86F273005013A1 /* Module2-3 copy.png in Resources */ = {isa = PBXBuildFile; fileRef = 37F178131A86F273005013A1 /* Module2-3 copy.png */; };
		37F1781B1A86F539005013A1 /* Module2Q1I.png in Resources */ = {isa = PBXBuildFile; fileRef = 37F178181A86F539005013A1 /* Module2Q1I.png */; };
		37F1781C1A86F539005013A1 /* Module2Q1C.png in Resources */ = {isa = PBXBuildFile; fileRef = 37F178191A86F539005013A1 /* Module2Q1C.png */; };
		37F1781D1A86F539005013A1 /* Module2Q1.png in Resources */ = {isa = PBXBuildFile; fileRef = 37F1781A1A86F539005013A1 /* Module2Q1.png */; };
		37F178211A86F97B005013A1 /* Module2Q3I.png in Resources */ = {isa = PBXBuildFile; fileRef = 37F1781E1A86F97B005013A1 /* Module2Q3I.png */; };
		37F178221A86F97B005013A1 /* Module2Q3C.png in Resources */ = {isa = PBXBuildFile; fileRef = 37F1781F1A86F97B005013A1 /* Module2Q3C.png */; };
		37F178231A86F97B005013A1 /* Module2Q3.png in Resources */ = {isa = PBXBuildFile; fileRef = 37F178201A86F97B005013A1 /* Module2Q3.png */; };
		37F178251A86FA7E005013A1 /* Module2Completed.png in Resources */ = {isa = PBXBuildFile; fileRef = 37F178241A86FA7E005013A1 /* Module2Completed.png */; };
		3896FF341A85A14400144A32 /* main.m in Sources */ = {isa = PBXBuildFile; fileRef = 3896FF331A85A14400144A32 /* main.m */; };
		3896FF371A85A14400144A32 /* AppDelegate.m in Sources */ = {isa = PBXBuildFile; fileRef = 3896FF361A85A14400144A32 /* AppDelegate.m */; };
		3896FF3D1A85A14400144A32 /* Main.storyboard in Resources */ = {isa = PBXBuildFile; fileRef = 3896FF3B1A85A14400144A32 /* Main.storyboard */; };
		3896FF3F1A85A14400144A32 /* Images.xcassets in Resources */ = {isa = PBXBuildFile; fileRef = 3896FF3E1A85A14400144A32 /* Images.xcassets */; };
		3896FF421A85A14400144A32 /* LaunchScreen.xib in Resources */ = {isa = PBXBuildFile; fileRef = 3896FF401A85A14400144A32 /* LaunchScreen.xib */; };
		3896FF4E1A85A14400144A32 /* LearningModuleTests.m in Sources */ = {isa = PBXBuildFile; fileRef = 3896FF4D1A85A14400144A32 /* LearningModuleTests.m */; };
/* End PBXBuildFile section */

/* Begin PBXContainerItemProxy section */
		3896FF481A85A14400144A32 /* PBXContainerItemProxy */ = {
			isa = PBXContainerItemProxy;
			containerPortal = 3896FF261A85A14400144A32 /* Project object */;
			proxyType = 1;
			remoteGlobalIDString = 3896FF2D1A85A14400144A32;
			remoteInfo = LearningModule;
		};
/* End PBXContainerItemProxy section */

/* Begin PBXFileReference section */
		3746AC431A881C1800CA8838 /* Intro.h */ = {isa = PBXFileReference; fileEncoding = 4; lastKnownFileType = sourcecode.c.h; path = Intro.h; sourceTree = "<group>"; };
		3746AC441A881C1800CA8838 /* Intro.m */ = {isa = PBXFileReference; fileEncoding = 4; lastKnownFileType = sourcecode.c.objc; path = Intro.m; sourceTree = "<group>"; };
		3746AC461A881E6200CA8838 /* white.png */ = {isa = PBXFileReference; lastKnownFileType = image.png; path = white.png; sourceTree = "<group>"; };
		3746AC481A881F1600CA8838 /* Intro1.png */ = {isa = PBXFileReference; lastKnownFileType = image.png; path = Intro1.png; sourceTree = "<group>"; };
		3746AC4A1A881F1600CA8838 /* Intro2.png */ = {isa = PBXFileReference; lastKnownFileType = image.png; path = Intro2.png; sourceTree = "<group>"; };
		3746AC4E1A881F9B00CA8838 /* Intro3.png */ = {isa = PBXFileReference; lastKnownFileType = image.png; path = Intro3.png; sourceTree = "<group>"; };
		3746AC501A88206900CA8838 /* beginButton.png */ = {isa = PBXFileReference; lastKnownFileType = image.png; path = beginButton.png; sourceTree = "<group>"; };
		3746AC521A8823D900CA8838 /* submitButton.png */ = {isa = PBXFileReference; lastKnownFileType = image.png; path = submitButton.png; sourceTree = "<group>"; };
		3746AC561A88258B00CA8838 /* TechAssessment.h */ = {isa = PBXFileReference; fileEncoding = 4; lastKnownFileType = sourcecode.c.h; path = TechAssessment.h; sourceTree = "<group>"; };
		3746AC571A88258B00CA8838 /* TechAssessment.m */ = {isa = PBXFileReference; fileEncoding = 4; lastKnownFileType = sourcecode.c.objc; path = TechAssessment.m; sourceTree = "<group>"; };
		3746AC5C1A8826F700CA8838 /* tech.png */ = {isa = PBXFileReference; lastKnownFileType = image.png; path = tech.png; sourceTree = "<group>"; };
		3746AC5E1A88271200CA8838 /* techBox.png */ = {isa = PBXFileReference; lastKnownFileType = image.png; path = techBox.png; sourceTree = "<group>"; };
		3746AC601A88289500CA8838 /* swipe.png */ = {isa = PBXFileReference; lastKnownFileType = image.png; path = swipe.png; sourceTree = "<group>"; };
		3746AC621A882CD100CA8838 /* click.png */ = {isa = PBXFileReference; lastKnownFileType = image.png; path = click.png; sourceTree = "<group>"; };
		3746AC661A882D7A00CA8838 /* penguin.png */ = {isa = PBXFileReference; lastKnownFileType = image.png; path = penguin.png; sourceTree = "<group>"; };
		3746AC6E1A8832CE00CA8838 /* techBoxLast.png */ = {isa = PBXFileReference; lastKnownFileType = image.png; path = techBoxLast.png; sourceTree = "<group>"; };
		3746AC701A8833DA00CA8838 /* toModule1.png */ = {isa = PBXFileReference; lastKnownFileType = image.png; path = toModule1.png; sourceTree = "<group>"; };
		3746AC761A883BC100CA8838 /* demoSurvey.png */ = {isa = PBXFileReference; lastKnownFileType = image.png; path = demoSurvey.png; sourceTree = "<group>"; };
		3746AC791A885D6100CA8838 /* neg3.png */ = {isa = PBXFileReference; lastKnownFileType = image.png; path = neg3.png; sourceTree = "<group>"; };
		3746AC7A1A885D6100CA8838 /* neg2.png */ = {isa = PBXFileReference; lastKnownFileType = image.png; path = neg2.png; sourceTree = "<group>"; };
		3746AC7B1A885D6100CA8838 /* neg1.png */ = {isa = PBXFileReference; lastKnownFileType = image.png; path = neg1.png; sourceTree = "<group>"; };
		3746AC7F1A885D6F00CA8838 /* neg2C.png */ = {isa = PBXFileReference; lastKnownFileType = image.png; path = neg2C.png; sourceTree = "<group>"; };
		3746AC801A885D6F00CA8838 /* neg2I.png */ = {isa = PBXFileReference; lastKnownFileType = image.png; path = neg2I.png; sourceTree = "<group>"; };
		3746AC811A885D6F00CA8838 /* neg1I.png */ = {isa = PBXFileReference; lastKnownFileType = image.png; path = neg1I.png; sourceTree = "<group>"; };
		3746AC821A885D6F00CA8838 /* neg1C.png */ = {isa = PBXFileReference; lastKnownFileType = image.png; path = neg1C.png; sourceTree = "<group>"; };
		3746AC831A885D6F00CA8838 /* neg3I.png */ = {isa = PBXFileReference; lastKnownFileType = image.png; path = neg3I.png; sourceTree = "<group>"; };
		3746AC841A885D6F00CA8838 /* neg3C.png */ = {isa = PBXFileReference; lastKnownFileType = image.png; path = neg3C.png; sourceTree = "<group>"; };
		3746AC8B1A885D7800CA8838 /* invasiveButton.png */ = {isa = PBXFileReference; lastKnownFileType = image.png; path = invasiveButton.png; sourceTree = "<group>"; };
		3746AC8D1A885D7800CA8838 /* negativeButton.png */ = {isa = PBXFileReference; lastKnownFileType = image.png; path = negativeButton.png; sourceTree = "<group>"; };
		3746AC911A885D8500CA8838 /* positiveButton.png */ = {isa = PBXFileReference; lastKnownFileType = image.png; path = positiveButton.png; sourceTree = "<group>"; };
		3746AC931A885FBC00CA8838 /* inv3I.png */ = {isa = PBXFileReference; lastKnownFileType = image.png; path = inv3I.png; sourceTree = "<group>"; };
		3746AC941A885FBC00CA8838 /* inv3C.png */ = {isa = PBXFileReference; lastKnownFileType = image.png; path = inv3C.png; sourceTree = "<group>"; };
		3746AC951A885FBC00CA8838 /* inv3.png */ = {isa = PBXFileReference; lastKnownFileType = image.png; path = inv3.png; sourceTree = "<group>"; };
		3746AC961A885FBC00CA8838 /* inv2I.png */ = {isa = PBXFileReference; lastKnownFileType = image.png; path = inv2I.png; sourceTree = "<group>"; };
		3746AC971A885FBC00CA8838 /* inv2C.png */ = {isa = PBXFileReference; lastKnownFileType = image.png; path = inv2C.png; sourceTree = "<group>"; };
		3746AC981A885FBC00CA8838 /* inv2.png */ = {isa = PBXFileReference; lastKnownFileType = image.png; path = inv2.png; sourceTree = "<group>"; };
		3746AC991A885FBC00CA8838 /* inv1I.png */ = {isa = PBXFileReference; lastKnownFileType = image.png; path = inv1I.png; sourceTree = "<group>"; };
		3746AC9A1A885FBC00CA8838 /* inv1C.png */ = {isa = PBXFileReference; lastKnownFileType = image.png; path = inv1C.png; sourceTree = "<group>"; };
		3746AC9B1A885FBC00CA8838 /* inv1.png */ = {isa = PBXFileReference; lastKnownFileType = image.png; path = inv1.png; sourceTree = "<group>"; };
		3746ACA51A88623500CA8838 /* pos3C.png */ = {isa = PBXFileReference; lastKnownFileType = image.png; path = pos3C.png; sourceTree = "<group>"; };
		3746ACA61A88623500CA8838 /* pos3I.png */ = {isa = PBXFileReference; lastKnownFileType = image.png; path = pos3I.png; sourceTree = "<group>"; };
		3746ACA71A88623500CA8838 /* pos3.png */ = {isa = PBXFileReference; lastKnownFileType = image.png; path = pos3.png; sourceTree = "<group>"; };
		3746ACA81A88623500CA8838 /* pos2I.png */ = {isa = PBXFileReference; lastKnownFileType = image.png; path = pos2I.png; sourceTree = "<group>"; };
		3746ACA91A88623500CA8838 /* pos2C.png */ = {isa = PBXFileReference; lastKnownFileType = image.png; path = pos2C.png; sourceTree = "<group>"; };
		3746ACAA1A88623500CA8838 /* pos2.png */ = {isa = PBXFileReference; lastKnownFileType = image.png; path = pos2.png; sourceTree = "<group>"; };
		3746ACAB1A88623500CA8838 /* pos1I.png */ = {isa = PBXFileReference; lastKnownFileType = image.png; path = pos1I.png; sourceTree = "<group>"; };
		3746ACAC1A88623500CA8838 /* pos1C.png */ = {isa = PBXFileReference; lastKnownFileType = image.png; path = pos1C.png; sourceTree = "<group>"; };
		3746ACAD1A88623500CA8838 /* pos1.png */ = {isa = PBXFileReference; lastKnownFileType = image.png; path = pos1.png; sourceTree = "<group>"; };
		3746ACB71A88624B00CA8838 /* VideoQuiz.h */ = {isa = PBXFileReference; fileEncoding = 4; lastKnownFileType = sourcecode.c.h; name = VideoQuiz.h; path = ../VideoQuiz.h; sourceTree = "<group>"; };
		3746ACB81A88624B00CA8838 /* VideoQuiz.m */ = {isa = PBXFileReference; fileEncoding = 4; lastKnownFileType = sourcecode.c.objc; name = VideoQuiz.m; path = ../VideoQuiz.m; sourceTree = "<group>"; };
		3746ACBA1A8866FD00CA8838 /* continueButton.png */ = {isa = PBXFileReference; lastKnownFileType = image.png; path = continueButton.png; sourceTree = "<group>"; };
		3746ACBC1A8867EA00CA8838 /* VideoQuizComplete.png */ = {isa = PBXFileReference; lastKnownFileType = image.png; path = VideoQuizComplete.png; sourceTree = "<group>"; };
		3746ACBE1A886AE000CA8838 /* Test.h */ = {isa = PBXFileReference; fileEncoding = 4; lastKnownFileType = sourcecode.c.h; path = Test.h; sourceTree = "<group>"; };
		3746ACBF1A886AE000CA8838 /* Test.m */ = {isa = PBXFileReference; fileEncoding = 4; lastKnownFileType = sourcecode.c.objc; path = Test.m; sourceTree = "<group>"; };
		3746ACC11A88714000CA8838 /* Q4.png */ = {isa = PBXFileReference; lastKnownFileType = image.png; path = Q4.png; sourceTree = "<group>"; };
		3746ACC21A88714000CA8838 /* Q10.png */ = {isa = PBXFileReference; lastKnownFileType = image.png; path = Q10.png; sourceTree = "<group>"; };
		3746ACC31A88714000CA8838 /* Q9.png */ = {isa = PBXFileReference; lastKnownFileType = image.png; path = Q9.png; sourceTree = "<group>"; };
		3746ACC41A88714000CA8838 /* Q8.png */ = {isa = PBXFileReference; lastKnownFileType = image.png; path = Q8.png; sourceTree = "<group>"; };
		3746ACC51A88714000CA8838 /* Q7.png */ = {isa = PBXFileReference; lastKnownFileType = image.png; path = Q7.png; sourceTree = "<group>"; };
		3746ACC61A88714000CA8838 /* Q6.png */ = {isa = PBXFileReference; lastKnownFileType = image.png; path = Q6.png; sourceTree = "<group>"; };
		3746ACC71A88714000CA8838 /* Q3.png */ = {isa = PBXFileReference; lastKnownFileType = image.png; path = Q3.png; sourceTree = "<group>"; };
		3746ACC81A88714000CA8838 /* Q5.png */ = {isa = PBXFileReference; lastKnownFileType = image.png; path = Q5.png; sourceTree = "<group>"; };
		3746ACC91A88714000CA8838 /* Q2.png */ = {isa = PBXFileReference; lastKnownFileType = image.png; path = Q2.png; sourceTree = "<group>"; };
		3746ACCA1A88714000CA8838 /* Q1.png */ = {isa = PBXFileReference; lastKnownFileType = image.png; path = Q1.png; sourceTree = "<group>"; };
		3746ACD61A88833800CA8838 /* Q13.png */ = {isa = PBXFileReference; lastKnownFileType = image.png; path = Q13.png; sourceTree = "<group>"; };
		3746ACD71A88833800CA8838 /* Q12.png */ = {isa = PBXFileReference; lastKnownFileType = image.png; path = Q12.png; sourceTree = "<group>"; };
		3746ACD81A88833800CA8838 /* Q11.png */ = {isa = PBXFileReference; lastKnownFileType = image.png; path = Q11.png; sourceTree = "<group>"; };
		3746ACDC1A88844400CA8838 /* Q16.png */ = {isa = PBXFileReference; lastKnownFileType = image.png; path = Q16.png; sourceTree = "<group>"; };
		3746ACDD1A88844400CA8838 /* Q15.png */ = {isa = PBXFileReference; lastKnownFileType = image.png; path = Q15.png; sourceTree = "<group>"; };
		3746ACDE1A88844400CA8838 /* Q14.png */ = {isa = PBXFileReference; lastKnownFileType = image.png; path = Q14.png; sourceTree = "<group>"; };
		3746ACE21A88889400CA8838 /* ModuleCompleted.png */ = {isa = PBXFileReference; lastKnownFileType = image.png; path = ModuleCompleted.png; sourceTree = "<group>"; };
		37A457891A8711C5004C4634 /* Module3.h */ = {isa = PBXFileReference; fileEncoding = 4; lastKnownFileType = sourcecode.c.h; path = Module3.h; sourceTree = "<group>"; };
		37A4578A1A8711C5004C4634 /* Module3.m */ = {isa = PBXFileReference; fileEncoding = 4; lastKnownFileType = sourcecode.c.objc; path = Module3.m; sourceTree = "<group>"; };
		37A4578F1A871206004C4634 /* Module3-10.png */ = {isa = PBXFileReference; lastKnownFileType = image.png; path = "Module3-10.png"; sourceTree = "<group>"; };
		37A457901A871206004C4634 /* Module3-9.png */ = {isa = PBXFileReference; lastKnownFileType = image.png; path = "Module3-9.png"; sourceTree = "<group>"; };
		37A457911A871206004C4634 /* Module3-8.png */ = {isa = PBXFileReference; lastKnownFileType = image.png; path = "Module3-8.png"; sourceTree = "<group>"; };
		37A457921A871206004C4634 /* Module3-7.png */ = {isa = PBXFileReference; lastKnownFileType = image.png; path = "Module3-7.png"; sourceTree = "<group>"; };
		37A457931A871206004C4634 /* Module3-6.png */ = {isa = PBXFileReference; lastKnownFileType = image.png; path = "Module3-6.png"; sourceTree = "<group>"; };
		37A457941A871206004C4634 /* Module3-5.png */ = {isa = PBXFileReference; lastKnownFileType = image.png; path = "Module3-5.png"; sourceTree = "<group>"; };
		37A457951A871206004C4634 /* Module3-4.png */ = {isa = PBXFileReference; lastKnownFileType = image.png; path = "Module3-4.png"; sourceTree = "<group>"; };
		37A457961A871206004C4634 /* Module3-3.png */ = {isa = PBXFileReference; lastKnownFileType = image.png; path = "Module3-3.png"; sourceTree = "<group>"; };
		37A457971A871206004C4634 /* Module3-2.png */ = {isa = PBXFileReference; lastKnownFileType = image.png; path = "Module3-2.png"; sourceTree = "<group>"; };
		37A457981A871206004C4634 /* Module3-1.png */ = {isa = PBXFileReference; lastKnownFileType = image.png; path = "Module3-1.png"; sourceTree = "<group>"; };
		37A457A81A871442004C4634 /* Module3-11.png */ = {isa = PBXFileReference; lastKnownFileType = image.png; path = "Module3-11.png"; sourceTree = "<group>"; };
		37A457AA1A87149D004C4634 /* Module3Quiz.h */ = {isa = PBXFileReference; fileEncoding = 4; lastKnownFileType = sourcecode.c.h; path = Module3Quiz.h; sourceTree = "<group>"; };
		37A457AB1A87149D004C4634 /* Module3Quiz.m */ = {isa = PBXFileReference; fileEncoding = 4; lastKnownFileType = sourcecode.c.objc; path = Module3Quiz.m; sourceTree = "<group>"; };
		37A457AD1A8714E0004C4634 /* Module3Completed.png */ = {isa = PBXFileReference; lastKnownFileType = image.png; path = Module3Completed.png; sourceTree = "<group>"; };
		37A457AE1A8714E0004C4634 /* Module3Q3I.png */ = {isa = PBXFileReference; lastKnownFileType = image.png; path = Module3Q3I.png; sourceTree = "<group>"; };
		37A457AF1A8714E0004C4634 /* Module3Q3C.png */ = {isa = PBXFileReference; lastKnownFileType = image.png; path = Module3Q3C.png; sourceTree = "<group>"; };
		37A457B01A8714E0004C4634 /* Module3Q3.png */ = {isa = PBXFileReference; lastKnownFileType = image.png; path = Module3Q3.png; sourceTree = "<group>"; };
		37A457B11A8714E0004C4634 /* Module3Q2I.png */ = {isa = PBXFileReference; lastKnownFileType = image.png; path = Module3Q2I.png; sourceTree = "<group>"; };
		37A457B21A8714E0004C4634 /* Module3Q2.png */ = {isa = PBXFileReference; lastKnownFileType = image.png; path = Module3Q2.png; sourceTree = "<group>"; };
		37A457B31A8714E0004C4634 /* Module3Q1I.png */ = {isa = PBXFileReference; lastKnownFileType = image.png; path = Module3Q1I.png; sourceTree = "<group>"; };
		37A457B41A8714E0004C4634 /* Module3Q1C.png */ = {isa = PBXFileReference; lastKnownFileType = image.png; path = Module3Q1C.png; sourceTree = "<group>"; };
		37A457BF1A871501004C4634 /* Module3Q2C.png */ = {isa = PBXFileReference; lastKnownFileType = image.png; path = Module3Q2C.png; sourceTree = "<group>"; };
		37A457C11A8715D0004C4634 /* Module3Q1.png */ = {isa = PBXFileReference; lastKnownFileType = image.png; path = Module3Q1.png; sourceTree = "<group>"; };
		37A457C31A87191B004C4634 /* MediaPlayer.framework */ = {isa = PBXFileReference; lastKnownFileType = wrapper.framework; name = MediaPlayer.framework; path = System/Library/Frameworks/MediaPlayer.framework; sourceTree = SDKROOT; };
		37A457C51A871934004C4634 /* Module4.h */ = {isa = PBXFileReference; fileEncoding = 4; lastKnownFileType = sourcecode.c.h; name = Module4.h; path = ../Module4.h; sourceTree = "<group>"; };
		37A457C61A871934004C4634 /* Module4.m */ = {isa = PBXFileReference; fileEncoding = 4; lastKnownFileType = sourcecode.c.objc; name = Module4.m; path = ../Module4.m; sourceTree = "<group>"; };
		37A457CA1A871A79004C4634 /* AVFoundation.framework */ = {isa = PBXFileReference; lastKnownFileType = wrapper.framework; name = AVFoundation.framework; path = System/Library/Frameworks/AVFoundation.framework; sourceTree = SDKROOT; };
		37A457F21A872A83004C4634 /* IARC.mp4 */ = {isa = PBXFileReference; lastKnownFileType = file; path = IARC.mp4; sourceTree = "<group>"; };
		37A457F41A872CF0004C4634 /* Module3.png */ = {isa = PBXFileReference; lastKnownFileType = image.png; path = Module3.png; sourceTree = "<group>"; };
		37A457F61A872E8E004C4634 /* DemoSurvey.h */ = {isa = PBXFileReference; fileEncoding = 4; lastKnownFileType = sourcecode.c.h; path = DemoSurvey.h; sourceTree = "<group>"; };
		37A457F71A872E8E004C4634 /* DemoSurvey.m */ = {isa = PBXFileReference; fileEncoding = 4; lastKnownFileType = sourcecode.c.objc; path = DemoSurvey.m; sourceTree = "<group>"; };
		37F0A0931A85CBC000833582 /* Module1-6 copy.png */ = {isa = PBXFileReference; lastKnownFileType = image.png; path = "Module1-6 copy.png"; sourceTree = "<group>"; };
		37F0A0941A85CBC000833582 /* Module1-7 copy.png */ = {isa = PBXFileReference; lastKnownFileType = image.png; path = "Module1-7 copy.png"; sourceTree = "<group>"; };
		37F0A0951A85CBC000833582 /* Module1-8 copy.png */ = {isa = PBXFileReference; lastKnownFileType = image.png; path = "Module1-8 copy.png"; sourceTree = "<group>"; };
		37F0A0961A85CBC000833582 /* Module1-9 copy.png */ = {isa = PBXFileReference; lastKnownFileType = image.png; path = "Module1-9 copy.png"; sourceTree = "<group>"; };
		37F0A0971A85CBC000833582 /* Module1-1 copy.png */ = {isa = PBXFileReference; lastKnownFileType = image.png; path = "Module1-1 copy.png"; sourceTree = "<group>"; };
		37F0A0981A85CBC000833582 /* Module1-2 copy.png */ = {isa = PBXFileReference; lastKnownFileType = image.png; path = "Module1-2 copy.png"; sourceTree = "<group>"; };
		37F0A0991A85CBC000833582 /* Module1-3 copy.png */ = {isa = PBXFileReference; lastKnownFileType = image.png; path = "Module1-3 copy.png"; sourceTree = "<group>"; };
		37F0A09A1A85CBC000833582 /* Module1-4 copy.png */ = {isa = PBXFileReference; lastKnownFileType = image.png; path = "Module1-4 copy.png"; sourceTree = "<group>"; };
		37F0A09B1A85CBC000833582 /* Module1-5 copy.png */ = {isa = PBXFileReference; lastKnownFileType = image.png; path = "Module1-5 copy.png"; sourceTree = "<group>"; };
		37F0A09C1A85CBC000833582 /* Module1-10 copy.png */ = {isa = PBXFileReference; lastKnownFileType = image.png; path = "Module1-10 copy.png"; sourceTree = "<group>"; };
		37F0A09D1A85CBC000833582 /* Module1-11 copy.png */ = {isa = PBXFileReference; lastKnownFileType = image.png; path = "Module1-11 copy.png"; sourceTree = "<group>"; };
		37F0A0AB1A85D19C00833582 /* Module2-2 copy.png */ = {isa = PBXFileReference; lastKnownFileType = image.png; path = "Module2-2 copy.png"; sourceTree = "<group>"; };
		37F0A0B81A85D1EC00833582 /* Module2-1 copy.png */ = {isa = PBXFileReference; lastKnownFileType = image.png; path = "Module2-1 copy.png"; sourceTree = "<group>"; };
		37F0A0BA1A85D99600833582 /* Module1.h */ = {isa = PBXFileReference; fileEncoding = 4; lastKnownFileType = sourcecode.c.h; path = Module1.h; sourceTree = "<group>"; };
		37F0A0BB1A85D99600833582 /* Module1.m */ = {isa = PBXFileReference; fileEncoding = 4; lastKnownFileType = sourcecode.c.objc; path = Module1.m; sourceTree = "<group>"; };
		37F0A0BD1A867E9600833582 /* background.png */ = {isa = PBXFileReference; lastKnownFileType = image.png; path = background.png; sourceTree = "<group>"; };
		37F0A0C11A868A4800833582 /* Module1Quiz.h */ = {isa = PBXFileReference; fileEncoding = 4; lastKnownFileType = sourcecode.c.h; path = Module1Quiz.h; sourceTree = "<group>"; };
		37F0A0C21A868A4800833582 /* Module1Quiz.m */ = {isa = PBXFileReference; fileEncoding = 4; lastKnownFileType = sourcecode.c.objc; path = Module1Quiz.m; sourceTree = "<group>"; };
		37F0A0D81A86C0A200833582 /* continueToQuiz.png */ = {isa = PBXFileReference; lastKnownFileType = image.png; path = continueToQuiz.png; sourceTree = "<group>"; };
		37F0A0DA1A86C17C00833582 /* PTSans.ttc */ = {isa = PBXFileReference; lastKnownFileType = file; path = PTSans.ttc; sourceTree = "<group>"; };
		37F0A0EF1A86CE5700833582 /* beginModule1.png */ = {isa = PBXFileReference; lastKnownFileType = image.png; path = beginModule1.png; sourceTree = "<group>"; };
		37F0A0F01A86CE5700833582 /* Module1.png */ = {isa = PBXFileReference; lastKnownFileType = image.png; path = Module1.png; sourceTree = "<group>"; };
		37F0A0F51A86D1B400833582 /* Module1Q1.png */ = {isa = PBXFileReference; lastKnownFileType = image.png; path = Module1Q1.png; sourceTree = "<group>"; };
		37F177E61A86D33F005013A1 /* Module1Q1I.png */ = {isa = PBXFileReference; lastKnownFileType = image.png; path = Module1Q1I.png; sourceTree = "<group>"; };
		37F177EA1A86D358005013A1 /* Module1Q1C.png */ = {isa = PBXFileReference; lastKnownFileType = image.png; path = Module1Q1C.png; sourceTree = "<group>"; };
		37F177EC1A86D5B0005013A1 /* longButton.png */ = {isa = PBXFileReference; lastKnownFileType = image.png; path = longButton.png; sourceTree = "<group>"; };
		37F177EE1A86D5FB005013A1 /* Module1Q2.png */ = {isa = PBXFileReference; lastKnownFileType = image.png; path = Module1Q2.png; sourceTree = "<group>"; };
		37F177F01A86D887005013A1 /* Module1Q2C.png */ = {isa = PBXFileReference; lastKnownFileType = image.png; path = Module1Q2C.png; sourceTree = "<group>"; };
		37F177F11A86D887005013A1 /* Module1Q2I.png */ = {isa = PBXFileReference; lastKnownFileType = image.png; path = Module1Q2I.png; sourceTree = "<group>"; };
		37F177F41A86DAFF005013A1 /* button.png */ = {isa = PBXFileReference; lastKnownFileType = image.png; path = button.png; sourceTree = "<group>"; };
		37F177F61A86DEC7005013A1 /* Module1Q3.png */ = {isa = PBXFileReference; lastKnownFileType = image.png; path = Module1Q3.png; sourceTree = "<group>"; };
		37F177F71A86DEC7005013A1 /* Module1Q3C.png */ = {isa = PBXFileReference; lastKnownFileType = image.png; path = Module1Q3C.png; sourceTree = "<group>"; };
		37F177F81A86DEC7005013A1 /* Module1Q3I.png */ = {isa = PBXFileReference; lastKnownFileType = image.png; path = Module1Q3I.png; sourceTree = "<group>"; };
		37F177FC1A86DF70005013A1 /* Module1Completed.png */ = {isa = PBXFileReference; lastKnownFileType = image.png; path = Module1Completed.png; sourceTree = "<group>"; };
		37F178001A86E8ED005013A1 /* Module2.h */ = {isa = PBXFileReference; fileEncoding = 4; lastKnownFileType = sourcecode.c.h; path = Module2.h; sourceTree = "<group>"; };
		37F178011A86E8ED005013A1 /* Module2.m */ = {isa = PBXFileReference; fileEncoding = 4; lastKnownFileType = sourcecode.c.objc; path = Module2.m; sourceTree = "<group>"; };
		37F178031A86E93F005013A1 /* Module2.png */ = {isa = PBXFileReference; lastKnownFileType = image.png; path = Module2.png; sourceTree = "<group>"; };
		37F178051A86EAC0005013A1 /* Module2-7 copy.png */ = {isa = PBXFileReference; lastKnownFileType = image.png; path = "Module2-7 copy.png"; sourceTree = "<group>"; };
		37F178071A86F0B8005013A1 /* Module2Q2I.png */ = {isa = PBXFileReference; lastKnownFileType = image.png; path = Module2Q2I.png; sourceTree = "<group>"; };
		37F178081A86F0B8005013A1 /* Module2Q2C.png */ = {isa = PBXFileReference; lastKnownFileType = image.png; path = Module2Q2C.png; sourceTree = "<group>"; };
		37F178091A86F0B8005013A1 /* Module2Q2.png */ = {isa = PBXFileReference; lastKnownFileType = image.png; path = Module2Q2.png; sourceTree = "<group>"; };
		37F1780D1A86F0EC005013A1 /* Module2Quiz.h */ = {isa = PBXFileReference; fileEncoding = 4; lastKnownFileType = sourcecode.c.h; path = Module2Quiz.h; sourceTree = "<group>"; };
		37F1780E1A86F0EC005013A1 /* Module2Quiz.m */ = {isa = PBXFileReference; fileEncoding = 4; lastKnownFileType = sourcecode.c.objc; path = Module2Quiz.m; sourceTree = "<group>"; };
		37F178101A86F273005013A1 /* Module2-6 copy.png */ = {isa = PBXFileReference; lastKnownFileType = image.png; path = "Module2-6 copy.png"; sourceTree = "<group>"; };
		37F178111A86F273005013A1 /* Module2-5 copy.png */ = {isa = PBXFileReference; lastKnownFileType = image.png; path = "Module2-5 copy.png"; sourceTree = "<group>"; };
		37F178121A86F273005013A1 /* Module2-4 copy.png */ = {isa = PBXFileReference; lastKnownFileType = image.png; path = "Module2-4 copy.png"; sourceTree = "<group>"; };
		37F178131A86F273005013A1 /* Module2-3 copy.png */ = {isa = PBXFileReference; lastKnownFileType = image.png; path = "Module2-3 copy.png"; sourceTree = "<group>"; };
		37F178181A86F539005013A1 /* Module2Q1I.png */ = {isa = PBXFileReference; lastKnownFileType = image.png; path = Module2Q1I.png; sourceTree = "<group>"; };
		37F178191A86F539005013A1 /* Module2Q1C.png */ = {isa = PBXFileReference; lastKnownFileType = image.png; path = Module2Q1C.png; sourceTree = "<group>"; };
		37F1781A1A86F539005013A1 /* Module2Q1.png */ = {isa = PBXFileReference; lastKnownFileType = image.png; path = Module2Q1.png; sourceTree = "<group>"; };
		37F1781E1A86F97B005013A1 /* Module2Q3I.png */ = {isa = PBXFileReference; lastKnownFileType = image.png; path = Module2Q3I.png; sourceTree = "<group>"; };
		37F1781F1A86F97B005013A1 /* Module2Q3C.png */ = {isa = PBXFileReference; lastKnownFileType = image.png; path = Module2Q3C.png; sourceTree = "<group>"; };
		37F178201A86F97B005013A1 /* Module2Q3.png */ = {isa = PBXFileReference; lastKnownFileType = image.png; path = Module2Q3.png; sourceTree = "<group>"; };
		37F178241A86FA7E005013A1 /* Module2Completed.png */ = {isa = PBXFileReference; lastKnownFileType = image.png; path = Module2Completed.png; sourceTree = "<group>"; };
		3896FF2E1A85A14400144A32 /* LearningModule.app */ = {isa = PBXFileReference; explicitFileType = wrapper.application; includeInIndex = 0; path = LearningModule.app; sourceTree = BUILT_PRODUCTS_DIR; };
		3896FF321A85A14400144A32 /* Info.plist */ = {isa = PBXFileReference; lastKnownFileType = text.plist.xml; path = Info.plist; sourceTree = "<group>"; };
		3896FF331A85A14400144A32 /* main.m */ = {isa = PBXFileReference; lastKnownFileType = sourcecode.c.objc; path = main.m; sourceTree = "<group>"; };
		3896FF351A85A14400144A32 /* AppDelegate.h */ = {isa = PBXFileReference; lastKnownFileType = sourcecode.c.h; path = AppDelegate.h; sourceTree = "<group>"; };
		3896FF361A85A14400144A32 /* AppDelegate.m */ = {isa = PBXFileReference; lastKnownFileType = sourcecode.c.objc; path = AppDelegate.m; sourceTree = "<group>"; };
		3896FF3C1A85A14400144A32 /* Base */ = {isa = PBXFileReference; lastKnownFileType = file.storyboard; name = Base; path = Base.lproj/Main.storyboard; sourceTree = "<group>"; };
		3896FF3E1A85A14400144A32 /* Images.xcassets */ = {isa = PBXFileReference; lastKnownFileType = folder.assetcatalog; path = Images.xcassets; sourceTree = "<group>"; };
		3896FF411A85A14400144A32 /* Base */ = {isa = PBXFileReference; lastKnownFileType = file.xib; name = Base; path = Base.lproj/LaunchScreen.xib; sourceTree = "<group>"; };
		3896FF471A85A14400144A32 /* LearningModuleTests.xctest */ = {isa = PBXFileReference; explicitFileType = wrapper.cfbundle; includeInIndex = 0; path = LearningModuleTests.xctest; sourceTree = BUILT_PRODUCTS_DIR; };
		3896FF4C1A85A14400144A32 /* Info.plist */ = {isa = PBXFileReference; lastKnownFileType = text.plist.xml; path = Info.plist; sourceTree = "<group>"; };
		3896FF4D1A85A14400144A32 /* LearningModuleTests.m */ = {isa = PBXFileReference; lastKnownFileType = sourcecode.c.objc; path = LearningModuleTests.m; sourceTree = "<group>"; };
/* End PBXFileReference section */

/* Begin PBXFrameworksBuildPhase section */
		3896FF2B1A85A14400144A32 /* Frameworks */ = {
			isa = PBXFrameworksBuildPhase;
			buildActionMask = 2147483647;
			files = (
				37A457CB1A871A79004C4634 /* AVFoundation.framework in Frameworks */,
				37A457C41A87191B004C4634 /* MediaPlayer.framework in Frameworks */,
			);
			runOnlyForDeploymentPostprocessing = 0;
		};
		3896FF441A85A14400144A32 /* Frameworks */ = {
			isa = PBXFrameworksBuildPhase;
			buildActionMask = 2147483647;
			files = (
			);
			runOnlyForDeploymentPostprocessing = 0;
		};
/* End PBXFrameworksBuildPhase section */

/* Begin PBXGroup section */
		3746AC3C1A881B9300CA8838 /* Intro */ = {
			isa = PBXGroup;
			children = (
				3746AC481A881F1600CA8838 /* Intro1.png */,
				3746AC501A88206900CA8838 /* beginButton.png */,
				3746AC4E1A881F9B00CA8838 /* Intro3.png */,
				3746AC4A1A881F1600CA8838 /* Intro2.png */,
				3746AC461A881E6200CA8838 /* white.png */,
			);
			name = Intro;
			path = ..;
			sourceTree = "<group>";
		};
		3746AC591A88268100CA8838 /* Tech */ = {
			isa = PBXGroup;
			children = (
				3746AC601A88289500CA8838 /* swipe.png */,
				3746AC661A882D7A00CA8838 /* penguin.png */,
				3746AC6E1A8832CE00CA8838 /* techBoxLast.png */,
				3746AC701A8833DA00CA8838 /* toModule1.png */,
				3746AC761A883BC100CA8838 /* demoSurvey.png */,
				3746AC621A882CD100CA8838 /* click.png */,
				3746AC5C1A8826F700CA8838 /* tech.png */,
				3746AC5E1A88271200CA8838 /* techBox.png */,
			);
			name = Tech;
			sourceTree = "<group>";
		};
		3746AC781A885D3E00CA8838 /* Video Quiz */ = {
			isa = PBXGroup;
			children = (
				3746ACBC1A8867EA00CA8838 /* VideoQuizComplete.png */,
				3746AC8B1A885D7800CA8838 /* invasiveButton.png */,
				3746ACBA1A8866FD00CA8838 /* continueButton.png */,
				3746AC911A885D8500CA8838 /* positiveButton.png */,
				3746AC8D1A885D7800CA8838 /* negativeButton.png */,
				3746ACA51A88623500CA8838 /* pos3C.png */,
				3746ACA61A88623500CA8838 /* pos3I.png */,
				3746ACA71A88623500CA8838 /* pos3.png */,
				3746ACA81A88623500CA8838 /* pos2I.png */,
				3746ACA91A88623500CA8838 /* pos2C.png */,
				3746ACAA1A88623500CA8838 /* pos2.png */,
				3746ACAB1A88623500CA8838 /* pos1I.png */,
				3746ACAC1A88623500CA8838 /* pos1C.png */,
				3746ACAD1A88623500CA8838 /* pos1.png */,
				3746AC931A885FBC00CA8838 /* inv3I.png */,
				3746AC941A885FBC00CA8838 /* inv3C.png */,
				3746AC951A885FBC00CA8838 /* inv3.png */,
				3746AC961A885FBC00CA8838 /* inv2I.png */,
				3746AC971A885FBC00CA8838 /* inv2C.png */,
				3746AC981A885FBC00CA8838 /* inv2.png */,
				3746AC991A885FBC00CA8838 /* inv1I.png */,
				3746AC9A1A885FBC00CA8838 /* inv1C.png */,
				3746AC9B1A885FBC00CA8838 /* inv1.png */,
				3746AC791A885D6100CA8838 /* neg3.png */,
				3746AC7F1A885D6F00CA8838 /* neg2C.png */,
				3746AC801A885D6F00CA8838 /* neg2I.png */,
				3746AC811A885D6F00CA8838 /* neg1I.png */,
				3746AC821A885D6F00CA8838 /* neg1C.png */,
				3746AC831A885D6F00CA8838 /* neg3I.png */,
				3746AC841A885D6F00CA8838 /* neg3C.png */,
				3746AC7A1A885D6100CA8838 /* neg2.png */,
				3746AC7B1A885D6100CA8838 /* neg1.png */,
			);
			name = "Video Quiz";
			sourceTree = "<group>";
		};
		3746ACD51A88714400CA8838 /* Test */ = {
			isa = PBXGroup;
			children = (
				3746ACDC1A88844400CA8838 /* Q16.png */,
				3746ACDD1A88844400CA8838 /* Q15.png */,
				3746ACDE1A88844400CA8838 /* Q14.png */,
				3746ACD61A88833800CA8838 /* Q13.png */,
				3746ACD71A88833800CA8838 /* Q12.png */,
				3746ACD81A88833800CA8838 /* Q11.png */,
				3746ACC21A88714000CA8838 /* Q10.png */,
				3746ACC31A88714000CA8838 /* Q9.png */,
				3746ACC41A88714000CA8838 /* Q8.png */,
				3746ACC51A88714000CA8838 /* Q7.png */,
				3746ACC61A88714000CA8838 /* Q6.png */,
				3746ACC81A88714000CA8838 /* Q5.png */,
				3746ACC11A88714000CA8838 /* Q4.png */,
				3746ACC71A88714000CA8838 /* Q3.png */,
				3746ACC91A88714000CA8838 /* Q2.png */,
				3746ACCA1A88714000CA8838 /* Q1.png */,
			);
			name = Test;
			sourceTree = "<group>";
		};
		37A457881A87117A004C4634 /* Module3 */ = {
			isa = PBXGroup;
			children = (
				37A457A81A871442004C4634 /* Module3-11.png */,
				37A4578F1A871206004C4634 /* Module3-10.png */,
				37A457901A871206004C4634 /* Module3-9.png */,
				37A457911A871206004C4634 /* Module3-8.png */,
				37A457921A871206004C4634 /* Module3-7.png */,
				37A457931A871206004C4634 /* Module3-6.png */,
				37A457941A871206004C4634 /* Module3-5.png */,
				37A457951A871206004C4634 /* Module3-4.png */,
				37A457961A871206004C4634 /* Module3-3.png */,
				37A457BF1A871501004C4634 /* Module3Q2C.png */,
				37A457F41A872CF0004C4634 /* Module3.png */,
				37A457971A871206004C4634 /* Module3-2.png */,
				37A457981A871206004C4634 /* Module3-1.png */,
				37A457AD1A8714E0004C4634 /* Module3Completed.png */,
				37A457AE1A8714E0004C4634 /* Module3Q3I.png */,
				37A457AF1A8714E0004C4634 /* Module3Q3C.png */,
				37A457B01A8714E0004C4634 /* Module3Q3.png */,
				37A457B11A8714E0004C4634 /* Module3Q2I.png */,
				37A457B21A8714E0004C4634 /* Module3Q2.png */,
				37A457B31A8714E0004C4634 /* Module3Q1I.png */,
				37A457B41A8714E0004C4634 /* Module3Q1C.png */,
				37A457C11A8715D0004C4634 /* Module3Q1.png */,
			);
			name = Module3;
			sourceTree = "<group>";
		};
		37A457C81A871969004C4634 /* IARC */ = {
			isa = PBXGroup;
			children = (
			);
			name = IARC;
			sourceTree = "<group>";
		};
		37F0A0921A85CBA900833582 /* Module1 */ = {
			isa = PBXGroup;
			children = (
				37F177F41A86DAFF005013A1 /* button.png */,
				37F0A0F51A86D1B400833582 /* Module1Q1.png */,
				37F0A0931A85CBC000833582 /* Module1-6 copy.png */,
				37F177EE1A86D5FB005013A1 /* Module1Q2.png */,
				37F177EA1A86D358005013A1 /* Module1Q1C.png */,
				37F177F61A86DEC7005013A1 /* Module1Q3.png */,
				37F177F71A86DEC7005013A1 /* Module1Q3C.png */,
				37F177F81A86DEC7005013A1 /* Module1Q3I.png */,
				37F177E61A86D33F005013A1 /* Module1Q1I.png */,
				37F0A0EF1A86CE5700833582 /* beginModule1.png */,
				37F177FC1A86DF70005013A1 /* Module1Completed.png */,
				37F177F01A86D887005013A1 /* Module1Q2C.png */,
				37F177F11A86D887005013A1 /* Module1Q2I.png */,
				37F177EC1A86D5B0005013A1 /* longButton.png */,
				37F0A0F01A86CE5700833582 /* Module1.png */,
				37F0A0941A85CBC000833582 /* Module1-7 copy.png */,
				37F0A0951A85CBC000833582 /* Module1-8 copy.png */,
				37F0A0961A85CBC000833582 /* Module1-9 copy.png */,
				37F0A0981A85CBC000833582 /* Module1-2 copy.png */,
				37F0A0991A85CBC000833582 /* Module1-3 copy.png */,
				37F0A09A1A85CBC000833582 /* Module1-4 copy.png */,
				37F0A09B1A85CBC000833582 /* Module1-5 copy.png */,
				37F0A09C1A85CBC000833582 /* Module1-10 copy.png */,
				37F0A0971A85CBC000833582 /* Module1-1 copy.png */,
				37F0A09D1A85CBC000833582 /* Module1-11 copy.png */,
			);
			name = Module1;
			sourceTree = "<group>";
		};
		37F0A0A91A85D19200833582 /* Module2 */ = {
			isa = PBXGroup;
			children = (
				37F0A0DA1A86C17C00833582 /* PTSans.ttc */,
				37F0A0B81A85D1EC00833582 /* Module2-1 copy.png */,
				37F0A0AB1A85D19C00833582 /* Module2-2 copy.png */,
				37F178031A86E93F005013A1 /* Module2.png */,
				37F178101A86F273005013A1 /* Module2-6 copy.png */,
				37F178111A86F273005013A1 /* Module2-5 copy.png */,
				37F178121A86F273005013A1 /* Module2-4 copy.png */,
				37F178181A86F539005013A1 /* Module2Q1I.png */,
				37F178191A86F539005013A1 /* Module2Q1C.png */,
				37F1781A1A86F539005013A1 /* Module2Q1.png */,
				37F178131A86F273005013A1 /* Module2-3 copy.png */,
				37F1781E1A86F97B005013A1 /* Module2Q3I.png */,
				37F178241A86FA7E005013A1 /* Module2Completed.png */,
				37F1781F1A86F97B005013A1 /* Module2Q3C.png */,
				37F178201A86F97B005013A1 /* Module2Q3.png */,
				37F178071A86F0B8005013A1 /* Module2Q2I.png */,
				37F178081A86F0B8005013A1 /* Module2Q2C.png */,
				37F178051A86EAC0005013A1 /* Module2-7 copy.png */,
				37F178091A86F0B8005013A1 /* Module2Q2.png */,
			);
			name = Module2;
			sourceTree = "<group>";
		};
		3896FF251A85A14400144A32 = {
			isa = PBXGroup;
			children = (
				3746ACE21A88889400CA8838 /* ModuleCompleted.png */,
				3746ACD51A88714400CA8838 /* Test */,
				3746AC781A885D3E00CA8838 /* Video Quiz */,
				3746AC591A88268100CA8838 /* Tech */,
				37A457CA1A871A79004C4634 /* AVFoundation.framework */,
				37A457C31A87191B004C4634 /* MediaPlayer.framework */,
				3896FF301A85A14400144A32 /* LearningModule */,
				3896FF4A1A85A14400144A32 /* LearningModuleTests */,
				3896FF2F1A85A14400144A32 /* Products */,
			);
			sourceTree = "<group>";
		};
		3896FF2F1A85A14400144A32 /* Products */ = {
			isa = PBXGroup;
			children = (
				3896FF2E1A85A14400144A32 /* LearningModule.app */,
				3896FF471A85A14400144A32 /* LearningModuleTests.xctest */,
			);
			name = Products;
			sourceTree = "<group>";
		};
		3896FF301A85A14400144A32 /* LearningModule */ = {
			isa = PBXGroup;
			children = (
				37A457F21A872A83004C4634 /* IARC.mp4 */,
				3746AC521A8823D900CA8838 /* submitButton.png */,
				37F0A0D81A86C0A200833582 /* continueToQuiz.png */,
				37F0A0BD1A867E9600833582 /* background.png */,
				3746AC3C1A881B9300CA8838 /* Intro */,
				37A457C81A871969004C4634 /* IARC */,
				37F0A0921A85CBA900833582 /* Module1 */,
				37F0A0A91A85D19200833582 /* Module2 */,
				37A457881A87117A004C4634 /* Module3 */,
				3896FF351A85A14400144A32 /* AppDelegate.h */,
				3896FF361A85A14400144A32 /* AppDelegate.m */,
				3896FF3B1A85A14400144A32 /* Main.storyboard */,
				3746AC431A881C1800CA8838 /* Intro.h */,
				3746AC441A881C1800CA8838 /* Intro.m */,
				37A457F61A872E8E004C4634 /* DemoSurvey.h */,
				37A457F71A872E8E004C4634 /* DemoSurvey.m */,
				3746AC561A88258B00CA8838 /* TechAssessment.h */,
				3746AC571A88258B00CA8838 /* TechAssessment.m */,
				37F0A0BA1A85D99600833582 /* Module1.h */,
				37F0A0BB1A85D99600833582 /* Module1.m */,
				37F0A0C11A868A4800833582 /* Module1Quiz.h */,
				37F0A0C21A868A4800833582 /* Module1Quiz.m */,
				37F178001A86E8ED005013A1 /* Module2.h */,
				37F178011A86E8ED005013A1 /* Module2.m */,
				37F1780D1A86F0EC005013A1 /* Module2Quiz.h */,
				37F1780E1A86F0EC005013A1 /* Module2Quiz.m */,
				37A457891A8711C5004C4634 /* Module3.h */,
				37A4578A1A8711C5004C4634 /* Module3.m */,
				37A457AA1A87149D004C4634 /* Module3Quiz.h */,
				37A457AB1A87149D004C4634 /* Module3Quiz.m */,
				37A457C51A871934004C4634 /* Module4.h */,
				37A457C61A871934004C4634 /* Module4.m */,
				3746ACB71A88624B00CA8838 /* VideoQuiz.h */,
				3746ACB81A88624B00CA8838 /* VideoQuiz.m */,
				3746ACBE1A886AE000CA8838 /* Test.h */,
				3746ACBF1A886AE000CA8838 /* Test.m */,
				3896FF3E1A85A14400144A32 /* Images.xcassets */,
				3896FF401A85A14400144A32 /* LaunchScreen.xib */,
				3896FF311A85A14400144A32 /* Supporting Files */,
			);
			path = LearningModule;
			sourceTree = "<group>";
		};
		3896FF311A85A14400144A32 /* Supporting Files */ = {
			isa = PBXGroup;
			children = (
				3896FF321A85A14400144A32 /* Info.plist */,
				3896FF331A85A14400144A32 /* main.m */,
			);
			name = "Supporting Files";
			sourceTree = "<group>";
		};
		3896FF4A1A85A14400144A32 /* LearningModuleTests */ = {
			isa = PBXGroup;
			children = (
				3896FF4D1A85A14400144A32 /* LearningModuleTests.m */,
				3896FF4B1A85A14400144A32 /* Supporting Files */,
			);
			path = LearningModuleTests;
			sourceTree = "<group>";
		};
		3896FF4B1A85A14400144A32 /* Supporting Files */ = {
			isa = PBXGroup;
			children = (
				3896FF4C1A85A14400144A32 /* Info.plist */,
			);
			name = "Supporting Files";
			sourceTree = "<group>";
		};
/* End PBXGroup section */

/* Begin PBXNativeTarget section */
		3896FF2D1A85A14400144A32 /* LearningModule */ = {
			isa = PBXNativeTarget;
			buildConfigurationList = 3896FF511A85A14400144A32 /* Build configuration list for PBXNativeTarget "LearningModule" */;
			buildPhases = (
				3896FF2A1A85A14400144A32 /* Sources */,
				3896FF2B1A85A14400144A32 /* Frameworks */,
				3896FF2C1A85A14400144A32 /* Resources */,
			);
			buildRules = (
			);
			dependencies = (
			);
			name = LearningModule;
			productName = LearningModule;
			productReference = 3896FF2E1A85A14400144A32 /* LearningModule.app */;
			productType = "com.apple.product-type.application";
		};
		3896FF461A85A14400144A32 /* LearningModuleTests */ = {
			isa = PBXNativeTarget;
			buildConfigurationList = 3896FF541A85A14400144A32 /* Build configuration list for PBXNativeTarget "LearningModuleTests" */;
			buildPhases = (
				3896FF431A85A14400144A32 /* Sources */,
				3896FF441A85A14400144A32 /* Frameworks */,
				3896FF451A85A14400144A32 /* Resources */,
			);
			buildRules = (
			);
			dependencies = (
				3896FF491A85A14400144A32 /* PBXTargetDependency */,
			);
			name = LearningModuleTests;
			productName = LearningModuleTests;
			productReference = 3896FF471A85A14400144A32 /* LearningModuleTests.xctest */;
			productType = "com.apple.product-type.bundle.unit-test";
		};
/* End PBXNativeTarget section */

/* Begin PBXProject section */
		3896FF261A85A14400144A32 /* Project object */ = {
			isa = PBXProject;
			attributes = {
				LastUpgradeCheck = 0610;
				ORGANIZATIONNAME = Sharkbait;
				TargetAttributes = {
					3896FF2D1A85A14400144A32 = {
						CreatedOnToolsVersion = 6.1.1;
					};
					3896FF461A85A14400144A32 = {
						CreatedOnToolsVersion = 6.1.1;
						TestTargetID = 3896FF2D1A85A14400144A32;
					};
				};
			};
			buildConfigurationList = 3896FF291A85A14400144A32 /* Build configuration list for PBXProject "LearningModule" */;
			compatibilityVersion = "Xcode 3.2";
			developmentRegion = English;
			hasScannedForEncodings = 0;
			knownRegions = (
				en,
				Base,
			);
			mainGroup = 3896FF251A85A14400144A32;
			productRefGroup = 3896FF2F1A85A14400144A32 /* Products */;
			projectDirPath = "";
			projectRoot = "";
			targets = (
				3896FF2D1A85A14400144A32 /* LearningModule */,
				3896FF461A85A14400144A32 /* LearningModuleTests */,
			);
		};
/* End PBXProject section */

/* Begin PBXResourcesBuildPhase section */
		3896FF2C1A85A14400144A32 /* Resources */ = {
			isa = PBXResourcesBuildPhase;
			buildActionMask = 2147483647;
			files = (
				3746ACD91A88833800CA8838 /* Q13.png in Resources */,
				3746AC771A883BC100CA8838 /* demoSurvey.png in Resources */,
				3746AC711A8833DA00CA8838 /* toModule1.png in Resources */,
				3746AC671A882D7A00CA8838 /* penguin.png in Resources */,
				37F0A0B21A85D19C00833582 /* Module2-2 copy.png in Resources */,
				37F0A0BE1A867E9600833582 /* background.png in Resources */,
				3746ACDF1A88844400CA8838 /* Q16.png in Resources */,
				3746ACD11A88714000CA8838 /* Q3.png in Resources */,
				37F1781C1A86F539005013A1 /* Module2Q1C.png in Resources */,
				3746AC881A885D6F00CA8838 /* neg1C.png in Resources */,
				37A457BD1A8714E0004C4634 /* Module3Q1C.png in Resources */,
				37F178151A86F273005013A1 /* Module2-5 copy.png in Resources */,
				37A457A91A871442004C4634 /* Module3-11.png in Resources */,
				3746AC5F1A88271200CA8838 /* techBox.png in Resources */,
				37A457B71A8714E0004C4634 /* Module3Q3I.png in Resources */,
				37F177F91A86DEC7005013A1 /* Module1Q3.png in Resources */,
				37A457A31A871206004C4634 /* Module3-1.png in Resources */,
				37F177ED1A86D5B0005013A1 /* longButton.png in Resources */,
				37F0A0D91A86C0A200833582 /* continueToQuiz.png in Resources */,
				3746ACB01A88623500CA8838 /* pos3.png in Resources */,
				37F178041A86E93F005013A1 /* Module2.png in Resources */,
				37F0A0DB1A86C19C00833582 /* PTSans.ttc in Resources */,
				37A4579F1A871206004C4634 /* Module3-5.png in Resources */,
				3746ACB51A88623500CA8838 /* pos1C.png in Resources */,
				3746ACE11A88844400CA8838 /* Q14.png in Resources */,
				37A457F31A872A83004C4634 /* IARC.mp4 in Resources */,
				3746AC531A8823D900CA8838 /* submitButton.png in Resources */,
				37A4579C1A871206004C4634 /* Module3-8.png in Resources */,
				3896FF3D1A85A14400144A32 /* Main.storyboard in Resources */,
				37F178221A86F97B005013A1 /* Module2Q3C.png in Resources */,
				37F0A0B91A85D1EC00833582 /* Module2-1 copy.png in Resources */,
				37F177EF1A86D5FB005013A1 /* Module1Q2.png in Resources */,
				3746ACCE1A88714000CA8838 /* Q8.png in Resources */,
				37F0A0F61A86D1B400833582 /* Module1Q1.png in Resources */,
				37F177F21A86D887005013A1 /* Module1Q2C.png in Resources */,
				37A457B91A8714E0004C4634 /* Module3Q3.png in Resources */,
				3746AC631A882CD100CA8838 /* click.png in Resources */,
				37F177FD1A86DF70005013A1 /* Module1Completed.png in Resources */,
				3746ACB41A88623500CA8838 /* pos1I.png in Resources */,
				3746ACAF1A88623500CA8838 /* pos3I.png in Resources */,
				37F0A09E1A85CBC000833582 /* Module1-6 copy.png in Resources */,
				3746ACCC1A88714000CA8838 /* Q10.png in Resources */,
				3746AC611A88289500CA8838 /* swipe.png in Resources */,
				3746ACE31A88889400CA8838 /* ModuleCompleted.png in Resources */,
				37F0A0A21A85CBC000833582 /* Module1-1 copy.png in Resources */,
				3746AC4D1A881F1600CA8838 /* Intro2.png in Resources */,
				3746ACA31A885FBC00CA8838 /* inv1C.png in Resources */,
				3746ACDA1A88833800CA8838 /* Q12.png in Resources */,
				3746ACB31A88623500CA8838 /* pos2.png in Resources */,
				37A4579E1A871206004C4634 /* Module3-6.png in Resources */,
				37F0A0A51A85CBC000833582 /* Module1-4 copy.png in Resources */,
				3746AC5D1A8826F700CA8838 /* tech.png in Resources */,
				37F0A0F11A86CE5700833582 /* beginModule1.png in Resources */,
				37F0A0A01A85CBC000833582 /* Module1-8 copy.png in Resources */,
				37F0A0A81A85CBC000833582 /* Module1-11 copy.png in Resources */,
				3746AC7E1A885D6100CA8838 /* neg1.png in Resources */,
				3746AC4B1A881F1600CA8838 /* Intro1.png in Resources */,
				3746AC901A885D7800CA8838 /* negativeButton.png in Resources */,
				3746AC4F1A881F9B00CA8838 /* Intro3.png in Resources */,
				37A457F51A872CF0004C4634 /* Module3.png in Resources */,
				3746ACA01A885FBC00CA8838 /* inv2C.png in Resources */,
				3746AC921A885D8500CA8838 /* positiveButton.png in Resources */,
				3746ACB21A88623500CA8838 /* pos2C.png in Resources */,
				3746ACD31A88714000CA8838 /* Q2.png in Resources */,
				3746ACD41A88714000CA8838 /* Q1.png in Resources */,
				3746ACCB1A88714000CA8838 /* Q4.png in Resources */,
				3746AC871A885D6F00CA8838 /* neg1I.png in Resources */,
				37F0A0A11A85CBC000833582 /* Module1-9 copy.png in Resources */,
				3746ACD01A88714000CA8838 /* Q6.png in Resources */,
				37A457C21A8715D0004C4634 /* Module3Q1.png in Resources */,
				3896FF421A85A14400144A32 /* LaunchScreen.xib in Resources */,
				37F0A0A31A85CBC000833582 /* Module1-2 copy.png in Resources */,
				3746AC891A885D6F00CA8838 /* neg3I.png in Resources */,
				37A4579D1A871206004C4634 /* Module3-7.png in Resources */,
				3746AC511A88206900CA8838 /* beginButton.png in Resources */,
				3746ACCD1A88714000CA8838 /* Q9.png in Resources */,
				3746AC6F1A8832CE00CA8838 /* techBoxLast.png in Resources */,
				3746AC471A881E6200CA8838 /* white.png in Resources */,
				37A457B81A8714E0004C4634 /* Module3Q3C.png in Resources */,
				3896FF3F1A85A14400144A32 /* Images.xcassets in Resources */,
				37F177EB1A86D358005013A1 /* Module1Q1C.png in Resources */,
				3746ACE01A88844400CA8838 /* Q15.png in Resources */,
				37F1780C1A86F0B8005013A1 /* Module2Q2.png in Resources */,
				3746AC7D1A885D6100CA8838 /* neg2.png in Resources */,
				3746ACB61A88623500CA8838 /* pos1.png in Resources */,
				37F178231A86F97B005013A1 /* Module2Q3.png in Resources */,
				37A457C01A871501004C4634 /* Module3Q2C.png in Resources */,
				37F0A09F1A85CBC000833582 /* Module1-7 copy.png in Resources */,
				3746ACCF1A88714000CA8838 /* Q7.png in Resources */,
				37F178211A86F97B005013A1 /* Module2Q3I.png in Resources */,
				37F178061A86EAC0005013A1 /* Module2-7 copy.png in Resources */,
				3746AC9D1A885FBC00CA8838 /* inv3C.png in Resources */,
				37A457B61A8714E0004C4634 /* Module3Completed.png in Resources */,
				3746AC9E1A885FBC00CA8838 /* inv3.png in Resources */,
				37F177F31A86D887005013A1 /* Module1Q2I.png in Resources */,
				37A4579B1A871206004C4634 /* Module3-9.png in Resources */,
				37F1780B1A86F0B8005013A1 /* Module2Q2C.png in Resources */,
				3746AC9C1A885FBC00CA8838 /* inv3I.png in Resources */,
				37A457BA1A8714E0004C4634 /* Module3Q2I.png in Resources */,
				3746AC8E1A885D7800CA8838 /* invasiveButton.png in Resources */,
				3746ACBB1A8866FD00CA8838 /* continueButton.png in Resources */,
				37F178141A86F273005013A1 /* Module2-6 copy.png in Resources */,
				37A4579A1A871206004C4634 /* Module3-10.png in Resources */,
				37A457A01A871206004C4634 /* Module3-4.png in Resources */,
				3746ACA21A885FBC00CA8838 /* inv1I.png in Resources */,
				37F1780A1A86F0B8005013A1 /* Module2Q2I.png in Resources */,
				37F0A0A71A85CBC000833582 /* Module1-10 copy.png in Resources */,
				37A457A11A871206004C4634 /* Module3-3.png in Resources */,
				3746ACBD1A8867EA00CA8838 /* VideoQuizComplete.png in Resources */,
				3746ACD21A88714000CA8838 /* Q5.png in Resources */,
				3746AC8A1A885D6F00CA8838 /* neg3C.png in Resources */,
				37F1781D1A86F539005013A1 /* Module2Q1.png in Resources */,
				37F177FA1A86DEC7005013A1 /* Module1Q3C.png in Resources */,
				3746ACDB1A88833800CA8838 /* Q11.png in Resources */,
				37F178251A86FA7E005013A1 /* Module2Completed.png in Resources */,
				3746AC7C1A885D6100CA8838 /* neg3.png in Resources */,
				3746ACB11A88623500CA8838 /* pos2I.png in Resources */,
				37F178161A86F273005013A1 /* Module2-4 copy.png in Resources */,
				37A457BC1A8714E0004C4634 /* Module3Q1I.png in Resources */,
				3746ACA11A885FBC00CA8838 /* inv2.png in Resources */,
				37F0A0F21A86CE5700833582 /* Module1.png in Resources */,
				37A457BB1A8714E0004C4634 /* Module3Q2.png in Resources */,
				3746AC851A885D6F00CA8838 /* neg2C.png in Resources */,
				3746ACA41A885FBC00CA8838 /* inv1.png in Resources */,
				3746AC9F1A885FBC00CA8838 /* inv2I.png in Resources */,
				37F0A0A41A85CBC000833582 /* Module1-3 copy.png in Resources */,
				37A457A21A871206004C4634 /* Module3-2.png in Resources */,
				37F0A0A61A85CBC000833582 /* Module1-5 copy.png in Resources */,
				37F178171A86F273005013A1 /* Module2-3 copy.png in Resources */,
				3746AC861A885D6F00CA8838 /* neg2I.png in Resources */,
				37F177F51A86DAFF005013A1 /* button.png in Resources */,
				3746ACAE1A88623500CA8838 /* pos3C.png in Resources */,
				37F177FB1A86DEC7005013A1 /* Module1Q3I.png in Resources */,
				37F177E81A86D33F005013A1 /* Module1Q1I.png in Resources */,
				37F1781B1A86F539005013A1 /* Module2Q1I.png in Resources */,
			);
			runOnlyForDeploymentPostprocessing = 0;
		};
		3896FF451A85A14400144A32 /* Resources */ = {
			isa = PBXResourcesBuildPhase;
			buildActionMask = 2147483647;
			files = (
			);
			runOnlyForDeploymentPostprocessing = 0;
		};
/* End PBXResourcesBuildPhase section */

/* Begin PBXSourcesBuildPhase section */
		3896FF2A1A85A14400144A32 /* Sources */ = {
			isa = PBXSourcesBuildPhase;
			buildActionMask = 2147483647;
			files = (
				3746ACC01A886AE000CA8838 /* Test.m in Sources */,
				37A457F81A872E8E004C4634 /* DemoSurvey.m in Sources */,
				3746AC281A87C94F00CA8838 /* IARC.mp4 in Sources */,
				37A457C71A871934004C4634 /* Module4.m in Sources */,
				37F0A0C31A868A4800833582 /* Module1Quiz.m in Sources */,
				37A4578B1A8711C5004C4634 /* Module3.m in Sources */,
				3746AC581A88258B00CA8838 /* TechAssessment.m in Sources */,
				37A457AC1A87149D004C4634 /* Module3Quiz.m in Sources */,
				3746AC451A881C1800CA8838 /* Intro.m in Sources */,
				3746ACB91A88624B00CA8838 /* VideoQuiz.m in Sources */,
				37F1780F1A86F0EC005013A1 /* Module2Quiz.m in Sources */,
				37F0A0BC1A85D99600833582 /* Module1.m in Sources */,
				3896FF371A85A14400144A32 /* AppDelegate.m in Sources */,
				3896FF341A85A14400144A32 /* main.m in Sources */,
				37F178021A86E8ED005013A1 /* Module2.m in Sources */,
			);
			runOnlyForDeploymentPostprocessing = 0;
		};
		3896FF431A85A14400144A32 /* Sources */ = {
			isa = PBXSourcesBuildPhase;
			buildActionMask = 2147483647;
			files = (
				3896FF4E1A85A14400144A32 /* LearningModuleTests.m in Sources */,
			);
			runOnlyForDeploymentPostprocessing = 0;
		};
/* End PBXSourcesBuildPhase section */

/* Begin PBXTargetDependency section */
		3896FF491A85A14400144A32 /* PBXTargetDependency */ = {
			isa = PBXTargetDependency;
			target = 3896FF2D1A85A14400144A32 /* LearningModule */;
			targetProxy = 3896FF481A85A14400144A32 /* PBXContainerItemProxy */;
		};
/* End PBXTargetDependency section */

/* Begin PBXVariantGroup section */
		3896FF3B1A85A14400144A32 /* Main.storyboard */ = {
			isa = PBXVariantGroup;
			children = (
				3896FF3C1A85A14400144A32 /* Base */,
			);
			name = Main.storyboard;
			sourceTree = "<group>";
		};
		3896FF401A85A14400144A32 /* LaunchScreen.xib */ = {
			isa = PBXVariantGroup;
			children = (
				3896FF411A85A14400144A32 /* Base */,
			);
			name = LaunchScreen.xib;
			sourceTree = "<group>";
		};
/* End PBXVariantGroup section */

/* Begin XCBuildConfiguration section */
		3896FF4F1A85A14400144A32 /* Debug */ = {
			isa = XCBuildConfiguration;
			buildSettings = {
				ALWAYS_SEARCH_USER_PATHS = NO;
				CLANG_CXX_LANGUAGE_STANDARD = "gnu++0x";
				CLANG_CXX_LIBRARY = "libc++";
				CLANG_ENABLE_MODULES = YES;
				CLANG_ENABLE_OBJC_ARC = YES;
				CLANG_WARN_BOOL_CONVERSION = YES;
				CLANG_WARN_CONSTANT_CONVERSION = YES;
				CLANG_WARN_DIRECT_OBJC_ISA_USAGE = YES_ERROR;
				CLANG_WARN_EMPTY_BODY = YES;
				CLANG_WARN_ENUM_CONVERSION = YES;
				CLANG_WARN_INT_CONVERSION = YES;
				CLANG_WARN_OBJC_ROOT_CLASS = YES_ERROR;
				CLANG_WARN_UNREACHABLE_CODE = YES;
				CLANG_WARN__DUPLICATE_METHOD_MATCH = YES;
				"CODE_SIGN_IDENTITY[sdk=iphoneos*]" = "iPhone Developer";
				COPY_PHASE_STRIP = NO;
				ENABLE_STRICT_OBJC_MSGSEND = YES;
				GCC_C_LANGUAGE_STANDARD = gnu99;
				GCC_DYNAMIC_NO_PIC = NO;
				GCC_OPTIMIZATION_LEVEL = 0;
				GCC_PREPROCESSOR_DEFINITIONS = (
					"DEBUG=1",
					"$(inherited)",
				);
				GCC_SYMBOLS_PRIVATE_EXTERN = NO;
				GCC_WARN_64_TO_32_BIT_CONVERSION = YES;
				GCC_WARN_ABOUT_RETURN_TYPE = YES_ERROR;
				GCC_WARN_UNDECLARED_SELECTOR = YES;
				GCC_WARN_UNINITIALIZED_AUTOS = YES_AGGRESSIVE;
				GCC_WARN_UNUSED_FUNCTION = YES;
				GCC_WARN_UNUSED_VARIABLE = YES;
				IPHONEOS_DEPLOYMENT_TARGET = 8.1;
				MTL_ENABLE_DEBUG_INFO = YES;
				ONLY_ACTIVE_ARCH = YES;
				SDKROOT = iphoneos;
				TARGETED_DEVICE_FAMILY = 2;
			};
			name = Debug;
		};
		3896FF501A85A14400144A32 /* Release */ = {
			isa = XCBuildConfiguration;
			buildSettings = {
				ALWAYS_SEARCH_USER_PATHS = NO;
				CLANG_CXX_LANGUAGE_STANDARD = "gnu++0x";
				CLANG_CXX_LIBRARY = "libc++";
				CLANG_ENABLE_MODULES = YES;
				CLANG_ENABLE_OBJC_ARC = YES;
				CLANG_WARN_BOOL_CONVERSION = YES;
				CLANG_WARN_CONSTANT_CONVERSION = YES;
				CLANG_WARN_DIRECT_OBJC_ISA_USAGE = YES_ERROR;
				CLANG_WARN_EMPTY_BODY = YES;
				CLANG_WARN_ENUM_CONVERSION = YES;
				CLANG_WARN_INT_CONVERSION = YES;
				CLANG_WARN_OBJC_ROOT_CLASS = YES_ERROR;
				CLANG_WARN_UNREACHABLE_CODE = YES;
				CLANG_WARN__DUPLICATE_METHOD_MATCH = YES;
				"CODE_SIGN_IDENTITY[sdk=iphoneos*]" = "iPhone Developer";
				COPY_PHASE_STRIP = YES;
				ENABLE_NS_ASSERTIONS = NO;
				ENABLE_STRICT_OBJC_MSGSEND = YES;
				GCC_C_LANGUAGE_STANDARD = gnu99;
				GCC_WARN_64_TO_32_BIT_CONVERSION = YES;
				GCC_WARN_ABOUT_RETURN_TYPE = YES_ERROR;
				GCC_WARN_UNDECLARED_SELECTOR = YES;
				GCC_WARN_UNINITIALIZED_AUTOS = YES_AGGRESSIVE;
				GCC_WARN_UNUSED_FUNCTION = YES;
				GCC_WARN_UNUSED_VARIABLE = YES;
				IPHONEOS_DEPLOYMENT_TARGET = 8.1;
				MTL_ENABLE_DEBUG_INFO = NO;
				SDKROOT = iphoneos;
				TARGETED_DEVICE_FAMILY = 2;
				VALIDATE_PRODUCT = YES;
			};
			name = Release;
		};
		3896FF521A85A14400144A32 /* Debug */ = {
			isa = XCBuildConfiguration;
			buildSettings = {
				ASSETCATALOG_COMPILER_APPICON_NAME = AppIcon;
				INFOPLIST_FILE = LearningModule/Info.plist;
				LD_RUNPATH_SEARCH_PATHS = "$(inherited) @executable_path/Frameworks";
				PRODUCT_NAME = "$(TARGET_NAME)";
			};
			name = Debug;
		};
		3896FF531A85A14400144A32 /* Release */ = {
			isa = XCBuildConfiguration;
			buildSettings = {
				ASSETCATALOG_COMPILER_APPICON_NAME = AppIcon;
				INFOPLIST_FILE = LearningModule/Info.plist;
				LD_RUNPATH_SEARCH_PATHS = "$(inherited) @executable_path/Frameworks";
				PRODUCT_NAME = "$(TARGET_NAME)";
			};
			name = Release;
		};
		3896FF551A85A14400144A32 /* Debug */ = {
			isa = XCBuildConfiguration;
			buildSettings = {
				BUNDLE_LOADER = "$(TEST_HOST)";
				FRAMEWORK_SEARCH_PATHS = (
					"$(SDKROOT)/Developer/Library/Frameworks",
					"$(inherited)",
				);
				GCC_PREPROCESSOR_DEFINITIONS = (
					"DEBUG=1",
					"$(inherited)",
				);
				INFOPLIST_FILE = LearningModuleTests/Info.plist;
				LD_RUNPATH_SEARCH_PATHS = "$(inherited) @executable_path/Frameworks @loader_path/Frameworks";
				PRODUCT_NAME = "$(TARGET_NAME)";
				TEST_HOST = "$(BUILT_PRODUCTS_DIR)/LearningModule.app/LearningModule";
			};
			name = Debug;
		};
		3896FF561A85A14400144A32 /* Release */ = {
			isa = XCBuildConfiguration;
			buildSettings = {
				BUNDLE_LOADER = "$(TEST_HOST)";
				FRAMEWORK_SEARCH_PATHS = (
					"$(SDKROOT)/Developer/Library/Frameworks",
					"$(inherited)",
				);
				INFOPLIST_FILE = LearningModuleTests/Info.plist;
				LD_RUNPATH_SEARCH_PATHS = "$(inherited) @executable_path/Frameworks @loader_path/Frameworks";
				PRODUCT_NAME = "$(TARGET_NAME)";
				TEST_HOST = "$(BUILT_PRODUCTS_DIR)/LearningModule.app/LearningModule";
			};
			name = Release;
		};
/* End XCBuildConfiguration section */

/* Begin XCConfigurationList section */
		3896FF291A85A14400144A32 /* Build configuration list for PBXProject "LearningModule" */ = {
			isa = XCConfigurationList;
			buildConfigurations = (
				3896FF4F1A85A14400144A32 /* Debug */,
				3896FF501A85A14400144A32 /* Release */,
			);
			defaultConfigurationIsVisible = 0;
			defaultConfigurationName = Release;
		};
		3896FF511A85A14400144A32 /* Build configuration list for PBXNativeTarget "LearningModule" */ = {
			isa = XCConfigurationList;
			buildConfigurations = (
				3896FF521A85A14400144A32 /* Debug */,
				3896FF531A85A14400144A32 /* Release */,
			);
			defaultConfigurationIsVisible = 0;
			defaultConfigurationName = Release;
		};
		3896FF541A85A14400144A32 /* Build configuration list for PBXNativeTarget "LearningModuleTests" */ = {
			isa = XCConfigurationList;
			buildConfigurations = (
				3896FF551A85A14400144A32 /* Debug */,
				3896FF561A85A14400144A32 /* Release */,
			);
			defaultConfigurationIsVisible = 0;
			defaultConfigurationName = Release;
		};
/* End XCConfigurationList section */
	};
	rootObject = 3896FF261A85A14400144A32 /* Project object */;
}
